// !$*UTF8*$!
{
	archiveVersion = 1;
	classes = {
	};
	objectVersion = 46;
	objects = {

/* Begin PBXBuildFile section */
		1F0AADA01E9E722F00745A6A /* PostEventCell.m in Sources */ = {isa = PBXBuildFile; fileRef = 1F0AAD9E1E9E722F00745A6A /* PostEventCell.m */; };
		1F0AADA11E9E722F00745A6A /* PostEventCell.xib in Resources */ = {isa = PBXBuildFile; fileRef = 1F0AAD9F1E9E722F00745A6A /* PostEventCell.xib */; };
		1F0AADA51E9F868D00745A6A /* EventContent.m in Sources */ = {isa = PBXBuildFile; fileRef = 1F0AADA41E9F868D00745A6A /* EventContent.m */; };
		1F0BE94C1EE058BA0056C71B /* PostEventView.m in Sources */ = {isa = PBXBuildFile; fileRef = 1F0BE94A1EE058BA0056C71B /* PostEventView.m */; };
		1F0BE94D1EE058BA0056C71B /* PostEventView.xib in Resources */ = {isa = PBXBuildFile; fileRef = 1F0BE94B1EE058BA0056C71B /* PostEventView.xib */; };
		1F0EF66E1EF1413200872392 /* SearchResultCell.m in Sources */ = {isa = PBXBuildFile; fileRef = 1F0EF66C1EF1413200872392 /* SearchResultCell.m */; };
		1F0EF66F1EF1413200872392 /* SearchResultCell.xib in Resources */ = {isa = PBXBuildFile; fileRef = 1F0EF66D1EF1413200872392 /* SearchResultCell.xib */; };
		1F0EF67A1EF17F5100872392 /* SMVisualEffectView.m in Sources */ = {isa = PBXBuildFile; fileRef = 1F0EF6731EF17F5100872392 /* SMVisualEffectView.m */; };
		1F0EF67B1EF17F5100872392 /* KeyboardAvoiding.m in Sources */ = {isa = PBXBuildFile; fileRef = 1F0EF6761EF17F5100872392 /* KeyboardAvoiding.m */; };
		1F0EF67C1EF17F5100872392 /* Utilities.m in Sources */ = {isa = PBXBuildFile; fileRef = 1F0EF6791EF17F5100872392 /* Utilities.m */; };
		1F2054D31E465541005AAEA9 /* main.m in Sources */ = {isa = PBXBuildFile; fileRef = 1F2054D21E465541005AAEA9 /* main.m */; };
		1F2054D61E465541005AAEA9 /* AppDelegate.m in Sources */ = {isa = PBXBuildFile; fileRef = 1F2054D51E465541005AAEA9 /* AppDelegate.m */; };
		1F2054DC1E465541005AAEA9 /* Main.storyboard in Resources */ = {isa = PBXBuildFile; fileRef = 1F2054DA1E465541005AAEA9 /* Main.storyboard */; };
		1F2054DE1E465541005AAEA9 /* Assets.xcassets in Resources */ = {isa = PBXBuildFile; fileRef = 1F2054DD1E465541005AAEA9 /* Assets.xcassets */; };
		1F2054E11E465541005AAEA9 /* LaunchScreen.storyboard in Resources */ = {isa = PBXBuildFile; fileRef = 1F2054DF1E465541005AAEA9 /* LaunchScreen.storyboard */; };
		1F2054EF1E46575E005AAEA9 /* LoginViewController.m in Sources */ = {isa = PBXBuildFile; fileRef = 1F2054EB1E46575E005AAEA9 /* LoginViewController.m */; };
		1F2054F01E46575E005AAEA9 /* RegisterViewController.m in Sources */ = {isa = PBXBuildFile; fileRef = 1F2054EE1E46575E005AAEA9 /* RegisterViewController.m */; };
		1F20553C1E465C45005AAEA9 /* ContainerViewController.m in Sources */ = {isa = PBXBuildFile; fileRef = 1F2055341E465C45005AAEA9 /* ContainerViewController.m */; };
		1F20553F1E465C45005AAEA9 /* MapViewController.m in Sources */ = {isa = PBXBuildFile; fileRef = 1F20553B1E465C45005AAEA9 /* MapViewController.m */; };
		1F2055551E4662CD005AAEA9 /* TimelineTableController.m in Sources */ = {isa = PBXBuildFile; fileRef = 1F2055521E4662CD005AAEA9 /* TimelineTableController.m */; };
		1F2055C21E466A6E005AAEA9 /* MainViewController.m in Sources */ = {isa = PBXBuildFile; fileRef = 1F2055BA1E466A6E005AAEA9 /* MainViewController.m */; };
		1F2055C51E466A6E005AAEA9 /* TableViewController.m in Sources */ = {isa = PBXBuildFile; fileRef = 1F2055C11E466A6E005AAEA9 /* TableViewController.m */; };
		1F2C544E1E4768EF006B7F82 /* TableViewCell.m in Sources */ = {isa = PBXBuildFile; fileRef = 1F2C544C1E4768EF006B7F82 /* TableViewCell.m */; };
		1F2C544F1E4768EF006B7F82 /* TableViewCell.xib in Resources */ = {isa = PBXBuildFile; fileRef = 1F2C544D1E4768EF006B7F82 /* TableViewCell.xib */; };
		1F2C54531E476941006B7F82 /* MenuCell.m in Sources */ = {isa = PBXBuildFile; fileRef = 1F2C54511E476941006B7F82 /* MenuCell.m */; };
		1F2C54541E476941006B7F82 /* MenuCell.xib in Resources */ = {isa = PBXBuildFile; fileRef = 1F2C54521E476941006B7F82 /* MenuCell.xib */; };
		1F2DBE551E8175FC002DB97D /* KeyboardViewController.m in Sources */ = {isa = PBXBuildFile; fileRef = 1F2DBE4F1E8175FC002DB97D /* KeyboardViewController.m */; };
		1F2DBE561E8175FC002DB97D /* KeyboardViewController.xib in Resources */ = {isa = PBXBuildFile; fileRef = 1F2DBE501E8175FC002DB97D /* KeyboardViewController.xib */; };
		1F2DBE571E8175FC002DB97D /* KeyboardItemView.m in Sources */ = {isa = PBXBuildFile; fileRef = 1F2DBE531E8175FC002DB97D /* KeyboardItemView.m */; };
		1F2DBE581E8175FC002DB97D /* KeyboardItemView.xib in Resources */ = {isa = PBXBuildFile; fileRef = 1F2DBE541E8175FC002DB97D /* KeyboardItemView.xib */; };
		1F2E3CBB1E5C31A7007B698A /* 50x50.gif in Resources */ = {isa = PBXBuildFile; fileRef = 1F2E3C941E5C31A7007B698A /* 50x50.gif */; };
		1F2E3CBC1E5C31A7007B698A /* back_to_login_arrow.png in Resources */ = {isa = PBXBuildFile; fileRef = 1F2E3C951E5C31A7007B698A /* back_to_login_arrow.png */; };
		1F2E3CBD1E5C31A7007B698A /* camera-icon@2x.png in Resources */ = {isa = PBXBuildFile; fileRef = 1F2E3C961E5C31A7007B698A /* camera-icon@2x.png */; };
		1F2E3CBE1E5C31A7007B698A /* edit-icon@2x.png in Resources */ = {isa = PBXBuildFile; fileRef = 1F2E3C971E5C31A7007B698A /* edit-icon@2x.png */; };
		1F2E3CBF1E5C31A7007B698A /* friends.png in Resources */ = {isa = PBXBuildFile; fileRef = 1F2E3C981E5C31A7007B698A /* friends.png */; };
		1F2E3CC01E5C31A7007B698A /* horse.png in Resources */ = {isa = PBXBuildFile; fileRef = 1F2E3C991E5C31A7007B698A /* horse.png */; };
		1F2E3CC11E5C31A7007B698A /* image1.jpg in Resources */ = {isa = PBXBuildFile; fileRef = 1F2E3C9A1E5C31A7007B698A /* image1.jpg */; };
		1F2E3CC21E5C31A7007B698A /* image2.jpg in Resources */ = {isa = PBXBuildFile; fileRef = 1F2E3C9B1E5C31A7007B698A /* image2.jpg */; };
		1F2E3CC31E5C31A7007B698A /* image3.jpg in Resources */ = {isa = PBXBuildFile; fileRef = 1F2E3C9C1E5C31A7007B698A /* image3.jpg */; };
		1F2E3CC41E5C31A7007B698A /* image4.jpg in Resources */ = {isa = PBXBuildFile; fileRef = 1F2E3C9D1E5C31A7007B698A /* image4.jpg */; };
		1F2E3CC51E5C31A7007B698A /* image5.png in Resources */ = {isa = PBXBuildFile; fileRef = 1F2E3C9E1E5C31A7007B698A /* image5.png */; };
		1F2E3CC61E5C31A7007B698A /* imageLeft.png in Resources */ = {isa = PBXBuildFile; fileRef = 1F2E3C9F1E5C31A7007B698A /* imageLeft.png */; };
		1F2E3CC71E5C31A7007B698A /* imageRight.png in Resources */ = {isa = PBXBuildFile; fileRef = 1F2E3CA01E5C31A7007B698A /* imageRight.png */; };
		1F2E3CC81E5C31A7007B698A /* imageRoot.png in Resources */ = {isa = PBXBuildFile; fileRef = 1F2E3CA11E5C31A7007B698A /* imageRoot.png */; };
		1F2E3CC91E5C31A7007B698A /* localization-icon@2x.png in Resources */ = {isa = PBXBuildFile; fileRef = 1F2E3CA21E5C31A7007B698A /* localization-icon@2x.png */; };
		1F2E3CCA1E5C31A7007B698A /* logo.png in Resources */ = {isa = PBXBuildFile; fileRef = 1F2E3CA31E5C31A7007B698A /* logo.png */; };
		1F2E3CCB1E5C31A7007B698A /* logo_text.png in Resources */ = {isa = PBXBuildFile; fileRef = 1F2E3CA41E5C31A7007B698A /* logo_text.png */; };
		1F2E3CCC1E5C31A7007B698A /* map-icon-hightlighted@2x.png in Resources */ = {isa = PBXBuildFile; fileRef = 1F2E3CA51E5C31A7007B698A /* map-icon-hightlighted@2x.png */; };
		1F2E3CCD1E5C31A7007B698A /* map-icon@2x.png in Resources */ = {isa = PBXBuildFile; fileRef = 1F2E3CA61E5C31A7007B698A /* map-icon@2x.png */; };
		1F2E3CCE1E5C31A7007B698A /* map.png in Resources */ = {isa = PBXBuildFile; fileRef = 1F2E3CA71E5C31A7007B698A /* map.png */; };
		1F2E3CCF1E5C31A7007B698A /* menu-icon@2x.png in Resources */ = {isa = PBXBuildFile; fileRef = 1F2E3CA81E5C31A7007B698A /* menu-icon@2x.png */; };
		1F2E3CD01E5C31A7007B698A /* menu.png in Resources */ = {isa = PBXBuildFile; fileRef = 1F2E3CA91E5C31A7007B698A /* menu.png */; };
		1F2E3CD11E5C31A7007B698A /* message.png in Resources */ = {isa = PBXBuildFile; fileRef = 1F2E3CAA1E5C31A7007B698A /* message.png */; };
		1F2E3CD21E5C31A7007B698A /* notifications.png in Resources */ = {isa = PBXBuildFile; fileRef = 1F2E3CAB1E5C31A7007B698A /* notifications.png */; };
		1F2E3CD31E5C31A7007B698A /* pin.png in Resources */ = {isa = PBXBuildFile; fileRef = 1F2E3CAC1E5C31A7007B698A /* pin.png */; };
		1F2E3CD41E5C31A7007B698A /* placeholder.png in Resources */ = {isa = PBXBuildFile; fileRef = 1F2E3CAD1E5C31A7007B698A /* placeholder.png */; };
		1F2E3CD51E5C31A7007B698A /* placeholder.svg in Resources */ = {isa = PBXBuildFile; fileRef = 1F2E3CAE1E5C31A7007B698A /* placeholder.svg */; };
		1F2E3CD61E5C31A7007B698A /* search-icon@2x.png in Resources */ = {isa = PBXBuildFile; fileRef = 1F2E3CAF1E5C31A7007B698A /* search-icon@2x.png */; };
		1F2E3CD71E5C31A7007B698A /* settings-icon.png in Resources */ = {isa = PBXBuildFile; fileRef = 1F2E3CB01E5C31A7007B698A /* settings-icon.png */; };
		1F2E3CD81E5C31A7007B698A /* settings-icon@2x.png in Resources */ = {isa = PBXBuildFile; fileRef = 1F2E3CB11E5C31A7007B698A /* settings-icon@2x.png */; };
		1F2E3CD91E5C31A7007B698A /* settings.png in Resources */ = {isa = PBXBuildFile; fileRef = 1F2E3CB21E5C31A7007B698A /* settings.png */; };
		1F2E3CDA1E5C31A7007B698A /* singIn_image.png in Resources */ = {isa = PBXBuildFile; fileRef = 1F2E3CB31E5C31A7007B698A /* singIn_image.png */; };
		1F2E3CDB1E5C31A7007B698A /* singUp_image.png in Resources */ = {isa = PBXBuildFile; fileRef = 1F2E3CB41E5C31A7007B698A /* singUp_image.png */; };
		1F2E3CDC1E5C31A7007B698A /* social-icon.png in Resources */ = {isa = PBXBuildFile; fileRef = 1F2E3CB51E5C31A7007B698A /* social-icon.png */; };
		1F2E3CDD1E5C31A7007B698A /* social-icon@2x.png in Resources */ = {isa = PBXBuildFile; fileRef = 1F2E3CB61E5C31A7007B698A /* social-icon@2x.png */; };
		1F2E3CDE1E5C31A7007B698A /* star-icon.png in Resources */ = {isa = PBXBuildFile; fileRef = 1F2E3CB71E5C31A7007B698A /* star-icon.png */; };
		1F2E3CDF1E5C31A7007B698A /* star-icon@2x.png in Resources */ = {isa = PBXBuildFile; fileRef = 1F2E3CB81E5C31A7007B698A /* star-icon@2x.png */; };
		1F2E3CE01E5C31A7007B698A /* timeline-icon-hightlighted@2x.png in Resources */ = {isa = PBXBuildFile; fileRef = 1F2E3CB91E5C31A7007B698A /* timeline-icon-hightlighted@2x.png */; };
		1F2E3CE11E5C31A7007B698A /* timeline-icon@2x.png in Resources */ = {isa = PBXBuildFile; fileRef = 1F2E3CBA1E5C31A7007B698A /* timeline-icon@2x.png */; };
		1F3107731EF559F100CEBFAF /* CalloutView.m in Sources */ = {isa = PBXBuildFile; fileRef = 1F3107721EF559F100CEBFAF /* CalloutView.m */; };
		1F3107751EF559FD00CEBFAF /* CalloutView.xib in Resources */ = {isa = PBXBuildFile; fileRef = 1F3107741EF559FD00CEBFAF /* CalloutView.xib */; };
		1F3716971EEF06A0004F4E51 /* FriendListViewController.m in Sources */ = {isa = PBXBuildFile; fileRef = 1F3716961EEF06A0004F4E51 /* FriendListViewController.m */; };
		1F37169B1EEF08A2004F4E51 /* FriendListCell.m in Sources */ = {isa = PBXBuildFile; fileRef = 1F3716991EEF08A2004F4E51 /* FriendListCell.m */; };
		1F37169C1EEF08A2004F4E51 /* FriendListCell.xib in Resources */ = {isa = PBXBuildFile; fileRef = 1F37169A1EEF08A2004F4E51 /* FriendListCell.xib */; };
		1F3783971EF4886A00A6BC6E /* avatar.jpg in Resources */ = {isa = PBXBuildFile; fileRef = 1F3783961EF4886A00A6BC6E /* avatar.jpg */; };
		1F4384251EEE8CCA00999667 /* UserData.m in Sources */ = {isa = PBXBuildFile; fileRef = 1F4384241EEE8CCA00999667 /* UserData.m */; };
		1F4728631EE5A660002ABF68 /* RequestManager.m in Sources */ = {isa = PBXBuildFile; fileRef = 1F4728621EE5A660002ABF68 /* RequestManager.m */; };
		1F4728671EE5B2BF002ABF68 /* TokenManager.m in Sources */ = {isa = PBXBuildFile; fileRef = 1F4728661EE5B2BF002ABF68 /* TokenManager.m */; };
		1F4AC1441F06B779002DD38C /* EventViewController.m in Sources */ = {isa = PBXBuildFile; fileRef = 1F4AC1431F06B779002DD38C /* EventViewController.m */; };
		1F4AC1491F070D1E002DD38C /* EventCell.m in Sources */ = {isa = PBXBuildFile; fileRef = 1F4AC1471F070D1E002DD38C /* EventCell.m */; };
		1F4AC14A1F070D1E002DD38C /* EventCell.xib in Resources */ = {isa = PBXBuildFile; fileRef = 1F4AC1481F070D1E002DD38C /* EventCell.xib */; };
		1F4AC14E1F070D4F002DD38C /* LoadingCell.m in Sources */ = {isa = PBXBuildFile; fileRef = 1F4AC14D1F070D4F002DD38C /* LoadingCell.m */; };
		1F4AC1571F07BC53002DD38C /* AttenderCell.m in Sources */ = {isa = PBXBuildFile; fileRef = 1F4AC1551F07BC53002DD38C /* AttenderCell.m */; };
		1F4AC1581F07BC53002DD38C /* AttenderCell.xib in Resources */ = {isa = PBXBuildFile; fileRef = 1F4AC1561F07BC53002DD38C /* AttenderCell.xib */; };
		1F4AC15B1F07BCB8002DD38C /* AttendersViewController.m in Sources */ = {isa = PBXBuildFile; fileRef = 1F4AC15A1F07BCB8002DD38C /* AttendersViewController.m */; };
		1F7500391E5AEE8B0066E71E /* SearchResultController.m in Sources */ = {isa = PBXBuildFile; fileRef = 1F7500381E5AEE8B0066E71E /* SearchResultController.m */; };
		1F7B0A241E5C478A004D08C8 /* comment-icon@2x.png in Resources */ = {isa = PBXBuildFile; fileRef = 1F7B0A211E5C478A004D08C8 /* comment-icon@2x.png */; };
		1F7B0A251E5C478A004D08C8 /* dislike-icon@2x.png in Resources */ = {isa = PBXBuildFile; fileRef = 1F7B0A221E5C478A004D08C8 /* dislike-icon@2x.png */; };
		1F7B0A261E5C478A004D08C8 /* like-icon@2x.png in Resources */ = {isa = PBXBuildFile; fileRef = 1F7B0A231E5C478A004D08C8 /* like-icon@2x.png */; };
		1F7B0A281E5C4AB7004D08C8 /* like-icon-higtlighted@2x.png in Resources */ = {isa = PBXBuildFile; fileRef = 1F7B0A271E5C4AB7004D08C8 /* like-icon-higtlighted@2x.png */; };
		1F7B0A2A1E5C4AC0004D08C8 /* dislike-icon-hightlighted@2x.png in Resources */ = {isa = PBXBuildFile; fileRef = 1F7B0A291E5C4AC0004D08C8 /* dislike-icon-hightlighted@2x.png */; };
		1FA5C92B1EE8BAF9006E65E6 /* NotificationsViewController.m in Sources */ = {isa = PBXBuildFile; fileRef = 1FA5C92A1EE8BAF9006E65E6 /* NotificationsViewController.m */; };
		1FB23C9F1EEF225300148967 /* FriendsData.m in Sources */ = {isa = PBXBuildFile; fileRef = 1FB23C9E1EEF225300148967 /* FriendsData.m */; };
		1FD5DACD1E925F1A0083DFB2 /* PinView.m in Sources */ = {isa = PBXBuildFile; fileRef = 1FD5DACC1E925F1A0083DFB2 /* PinView.m */; };
		1FD5DACF1E925F270083DFB2 /* PinView.xib in Resources */ = {isa = PBXBuildFile; fileRef = 1FD5DACE1E925F270083DFB2 /* PinView.xib */; };
		1FD5DAD11E9266A20083DFB2 /* cat.jpg in Resources */ = {isa = PBXBuildFile; fileRef = 1FD5DAD01E9266A20083DFB2 /* cat.jpg */; };
		1FDE93751EB74F42006EFF3A /* EventFilterTableView.m in Sources */ = {isa = PBXBuildFile; fileRef = 1FDE93741EB74F42006EFF3A /* EventFilterTableView.m */; };
		1FDE937C1EB750E1006EFF3A /* EventFilterCell.m in Sources */ = {isa = PBXBuildFile; fileRef = 1FDE937A1EB750E1006EFF3A /* EventFilterCell.m */; };
		1FDE937D1EB750E1006EFF3A /* EventFilterCell.xib in Resources */ = {isa = PBXBuildFile; fileRef = 1FDE937B1EB750E1006EFF3A /* EventFilterCell.xib */; };
		1FDE93801EB76588006EFF3A /* EventFilterTableController.m in Sources */ = {isa = PBXBuildFile; fileRef = 1FDE937F1EB76588006EFF3A /* EventFilterTableController.m */; };
		1FDE93A91EB881EB006EFF3A /* CustomAnnotation.m in Sources */ = {isa = PBXBuildFile; fileRef = 1FDE93A81EB881EB006EFF3A /* CustomAnnotation.m */; };
		1FF74CFD1EE99F21004339FC /* FriendRequestCell.m in Sources */ = {isa = PBXBuildFile; fileRef = 1FF74CFB1EE99F21004339FC /* FriendRequestCell.m */; };
		1FF74CFE1EE99F21004339FC /* FriendRequestCell.xib in Resources */ = {isa = PBXBuildFile; fileRef = 1FF74CFC1EE99F21004339FC /* FriendRequestCell.xib */; };
		1FFC89321EF02D5400B40BC1 /* EventData.m in Sources */ = {isa = PBXBuildFile; fileRef = 1FFC89311EF02D5400B40BC1 /* EventData.m */; };
		32E0595146A5E519CF5B7A56 /* libPods-SocialTwist.a in Frameworks */ = {isa = PBXBuildFile; fileRef = 28CA52F6CEE57ABC021AA150 /* libPods-SocialTwist.a */; };
		DD64343F1EF6D9DC007AE577 /* PhotoSliderViewController.m in Sources */ = {isa = PBXBuildFile; fileRef = DD64342C1EF6D9DC007AE577 /* PhotoSliderViewController.m */; };
		DD6434401EF6D9DC007AE577 /* UserEventCell.m in Sources */ = {isa = PBXBuildFile; fileRef = DD64342F1EF6D9DC007AE577 /* UserEventCell.m */; };
		DD6434411EF6D9DC007AE577 /* UserEventCell.xib in Resources */ = {isa = PBXBuildFile; fileRef = DD6434301EF6D9DC007AE577 /* UserEventCell.xib */; };
		DD6434421EF6D9DC007AE577 /* GalleryViewController.m in Sources */ = {isa = PBXBuildFile; fileRef = DD6434331EF6D9DC007AE577 /* GalleryViewController.m */; };
		DD6434431EF6D9DC007AE577 /* ImageCollectionViewCell.m in Sources */ = {isa = PBXBuildFile; fileRef = DD6434351EF6D9DC007AE577 /* ImageCollectionViewCell.m */; };
		DD6434441EF6D9DC007AE577 /* Photos.m in Sources */ = {isa = PBXBuildFile; fileRef = DD6434371EF6D9DC007AE577 /* Photos.m */; };
		DD6434451EF6D9DC007AE577 /* UserProfileCell.m in Sources */ = {isa = PBXBuildFile; fileRef = DD64343A1EF6D9DC007AE577 /* UserProfileCell.m */; };
		DD6434461EF6D9DC007AE577 /* UserProfileCell.xib in Resources */ = {isa = PBXBuildFile; fileRef = DD64343B1EF6D9DC007AE577 /* UserProfileCell.xib */; };
		DD6434471EF6D9DC007AE577 /* UserProfileViewController.m in Sources */ = {isa = PBXBuildFile; fileRef = DD64343E1EF6D9DC007AE577 /* UserProfileViewController.m */; };
/* End PBXBuildFile section */

/* Begin PBXFileReference section */
		1F0AAD9D1E9E722F00745A6A /* PostEventCell.h */ = {isa = PBXFileReference; fileEncoding = 4; lastKnownFileType = sourcecode.c.h; path = PostEventCell.h; sourceTree = "<group>"; };
		1F0AAD9E1E9E722F00745A6A /* PostEventCell.m */ = {isa = PBXFileReference; fileEncoding = 4; lastKnownFileType = sourcecode.c.objc; path = PostEventCell.m; sourceTree = "<group>"; };
		1F0AAD9F1E9E722F00745A6A /* PostEventCell.xib */ = {isa = PBXFileReference; fileEncoding = 4; lastKnownFileType = file.xib; path = PostEventCell.xib; sourceTree = "<group>"; };
		1F0AADA31E9F868D00745A6A /* EventContent.h */ = {isa = PBXFileReference; fileEncoding = 4; lastKnownFileType = sourcecode.c.h; path = EventContent.h; sourceTree = "<group>"; };
		1F0AADA41E9F868D00745A6A /* EventContent.m */ = {isa = PBXFileReference; fileEncoding = 4; lastKnownFileType = sourcecode.c.objc; path = EventContent.m; sourceTree = "<group>"; };
		1F0BE9491EE058BA0056C71B /* PostEventView.h */ = {isa = PBXFileReference; fileEncoding = 4; lastKnownFileType = sourcecode.c.h; path = PostEventView.h; sourceTree = "<group>"; };
		1F0BE94A1EE058BA0056C71B /* PostEventView.m */ = {isa = PBXFileReference; fileEncoding = 4; lastKnownFileType = sourcecode.c.objc; path = PostEventView.m; sourceTree = "<group>"; };
		1F0BE94B1EE058BA0056C71B /* PostEventView.xib */ = {isa = PBXFileReference; fileEncoding = 4; lastKnownFileType = file.xib; path = PostEventView.xib; sourceTree = "<group>"; };
		1F0EF66B1EF1413200872392 /* SearchResultCell.h */ = {isa = PBXFileReference; fileEncoding = 4; lastKnownFileType = sourcecode.c.h; path = SearchResultCell.h; sourceTree = "<group>"; };
		1F0EF66C1EF1413200872392 /* SearchResultCell.m */ = {isa = PBXFileReference; fileEncoding = 4; lastKnownFileType = sourcecode.c.objc; path = SearchResultCell.m; sourceTree = "<group>"; };
		1F0EF66D1EF1413200872392 /* SearchResultCell.xib */ = {isa = PBXFileReference; fileEncoding = 4; lastKnownFileType = file.xib; path = SearchResultCell.xib; sourceTree = "<group>"; };
		1F0EF6721EF17F5100872392 /* SMVisualEffectView.h */ = {isa = PBXFileReference; fileEncoding = 4; lastKnownFileType = sourcecode.c.h; path = SMVisualEffectView.h; sourceTree = "<group>"; };
		1F0EF6731EF17F5100872392 /* SMVisualEffectView.m */ = {isa = PBXFileReference; fileEncoding = 4; lastKnownFileType = sourcecode.c.objc; path = SMVisualEffectView.m; sourceTree = "<group>"; };
		1F0EF6751EF17F5100872392 /* KeyboardAvoiding.h */ = {isa = PBXFileReference; fileEncoding = 4; lastKnownFileType = sourcecode.c.h; path = KeyboardAvoiding.h; sourceTree = "<group>"; };
		1F0EF6761EF17F5100872392 /* KeyboardAvoiding.m */ = {isa = PBXFileReference; fileEncoding = 4; lastKnownFileType = sourcecode.c.objc; path = KeyboardAvoiding.m; sourceTree = "<group>"; };
		1F0EF6781EF17F5100872392 /* Utilities.h */ = {isa = PBXFileReference; fileEncoding = 4; lastKnownFileType = sourcecode.c.h; path = Utilities.h; sourceTree = "<group>"; };
		1F0EF6791EF17F5100872392 /* Utilities.m */ = {isa = PBXFileReference; fileEncoding = 4; lastKnownFileType = sourcecode.c.objc; path = Utilities.m; sourceTree = "<group>"; };
		1F2054CE1E465541005AAEA9 /* SocialTwist.app */ = {isa = PBXFileReference; explicitFileType = wrapper.application; includeInIndex = 0; path = SocialTwist.app; sourceTree = BUILT_PRODUCTS_DIR; };
		1F2054D21E465541005AAEA9 /* main.m */ = {isa = PBXFileReference; lastKnownFileType = sourcecode.c.objc; path = main.m; sourceTree = "<group>"; };
		1F2054D41E465541005AAEA9 /* AppDelegate.h */ = {isa = PBXFileReference; lastKnownFileType = sourcecode.c.h; path = AppDelegate.h; sourceTree = "<group>"; };
		1F2054D51E465541005AAEA9 /* AppDelegate.m */ = {isa = PBXFileReference; lastKnownFileType = sourcecode.c.objc; path = AppDelegate.m; sourceTree = "<group>"; };
		1F2054DB1E465541005AAEA9 /* Base */ = {isa = PBXFileReference; lastKnownFileType = file.storyboard; name = Base; path = Base.lproj/Main.storyboard; sourceTree = "<group>"; };
		1F2054DD1E465541005AAEA9 /* Assets.xcassets */ = {isa = PBXFileReference; lastKnownFileType = folder.assetcatalog; path = Assets.xcassets; sourceTree = "<group>"; };
		1F2054E01E465541005AAEA9 /* Base */ = {isa = PBXFileReference; lastKnownFileType = file.storyboard; name = Base; path = Base.lproj/LaunchScreen.storyboard; sourceTree = "<group>"; };
		1F2054E21E465541005AAEA9 /* Info.plist */ = {isa = PBXFileReference; lastKnownFileType = text.plist.xml; path = Info.plist; sourceTree = "<group>"; };
		1F2054EA1E46575E005AAEA9 /* LoginViewController.h */ = {isa = PBXFileReference; fileEncoding = 4; lastKnownFileType = sourcecode.c.h; path = LoginViewController.h; sourceTree = "<group>"; };
		1F2054EB1E46575E005AAEA9 /* LoginViewController.m */ = {isa = PBXFileReference; fileEncoding = 4; lastKnownFileType = sourcecode.c.objc; path = LoginViewController.m; sourceTree = "<group>"; };
		1F2054ED1E46575E005AAEA9 /* RegisterViewController.h */ = {isa = PBXFileReference; fileEncoding = 4; lastKnownFileType = sourcecode.c.h; path = RegisterViewController.h; sourceTree = "<group>"; };
		1F2054EE1E46575E005AAEA9 /* RegisterViewController.m */ = {isa = PBXFileReference; fileEncoding = 4; lastKnownFileType = sourcecode.c.objc; path = RegisterViewController.m; sourceTree = "<group>"; };
		1F2055331E465C45005AAEA9 /* ContainerViewController.h */ = {isa = PBXFileReference; fileEncoding = 4; lastKnownFileType = sourcecode.c.h; path = ContainerViewController.h; sourceTree = "<group>"; };
		1F2055341E465C45005AAEA9 /* ContainerViewController.m */ = {isa = PBXFileReference; fileEncoding = 4; lastKnownFileType = sourcecode.c.objc; path = ContainerViewController.m; sourceTree = "<group>"; };
		1F20553A1E465C45005AAEA9 /* MapViewController.h */ = {isa = PBXFileReference; fileEncoding = 4; lastKnownFileType = sourcecode.c.h; path = MapViewController.h; sourceTree = "<group>"; };
		1F20553B1E465C45005AAEA9 /* MapViewController.m */ = {isa = PBXFileReference; fileEncoding = 4; lastKnownFileType = sourcecode.c.objc; path = MapViewController.m; sourceTree = "<group>"; };
		1F2055511E4662CD005AAEA9 /* TimelineTableController.h */ = {isa = PBXFileReference; fileEncoding = 4; lastKnownFileType = sourcecode.c.h; path = TimelineTableController.h; sourceTree = "<group>"; };
		1F2055521E4662CD005AAEA9 /* TimelineTableController.m */ = {isa = PBXFileReference; fileEncoding = 4; lastKnownFileType = sourcecode.c.objc; path = TimelineTableController.m; sourceTree = "<group>"; };
		1F2055B91E466A6E005AAEA9 /* MainViewController.h */ = {isa = PBXFileReference; fileEncoding = 4; lastKnownFileType = sourcecode.c.h; path = MainViewController.h; sourceTree = "<group>"; };
		1F2055BA1E466A6E005AAEA9 /* MainViewController.m */ = {isa = PBXFileReference; fileEncoding = 4; lastKnownFileType = sourcecode.c.objc; path = MainViewController.m; sourceTree = "<group>"; };
		1F2055C01E466A6E005AAEA9 /* TableViewController.h */ = {isa = PBXFileReference; fileEncoding = 4; lastKnownFileType = sourcecode.c.h; path = TableViewController.h; sourceTree = "<group>"; };
		1F2055C11E466A6E005AAEA9 /* TableViewController.m */ = {isa = PBXFileReference; fileEncoding = 4; lastKnownFileType = sourcecode.c.objc; path = TableViewController.m; sourceTree = "<group>"; };
		1F2C544B1E4768EF006B7F82 /* TableViewCell.h */ = {isa = PBXFileReference; fileEncoding = 4; lastKnownFileType = sourcecode.c.h; path = TableViewCell.h; sourceTree = "<group>"; };
		1F2C544C1E4768EF006B7F82 /* TableViewCell.m */ = {isa = PBXFileReference; fileEncoding = 4; lastKnownFileType = sourcecode.c.objc; path = TableViewCell.m; sourceTree = "<group>"; };
		1F2C544D1E4768EF006B7F82 /* TableViewCell.xib */ = {isa = PBXFileReference; fileEncoding = 4; lastKnownFileType = file.xib; path = TableViewCell.xib; sourceTree = "<group>"; };
		1F2C54501E476941006B7F82 /* MenuCell.h */ = {isa = PBXFileReference; fileEncoding = 4; lastKnownFileType = sourcecode.c.h; path = MenuCell.h; sourceTree = "<group>"; };
		1F2C54511E476941006B7F82 /* MenuCell.m */ = {isa = PBXFileReference; fileEncoding = 4; lastKnownFileType = sourcecode.c.objc; path = MenuCell.m; sourceTree = "<group>"; };
		1F2C54521E476941006B7F82 /* MenuCell.xib */ = {isa = PBXFileReference; fileEncoding = 4; lastKnownFileType = file.xib; path = MenuCell.xib; sourceTree = "<group>"; };
		1F2DBE4E1E8175FC002DB97D /* KeyboardViewController.h */ = {isa = PBXFileReference; fileEncoding = 4; lastKnownFileType = sourcecode.c.h; path = KeyboardViewController.h; sourceTree = "<group>"; };
		1F2DBE4F1E8175FC002DB97D /* KeyboardViewController.m */ = {isa = PBXFileReference; fileEncoding = 4; lastKnownFileType = sourcecode.c.objc; path = KeyboardViewController.m; sourceTree = "<group>"; };
		1F2DBE501E8175FC002DB97D /* KeyboardViewController.xib */ = {isa = PBXFileReference; fileEncoding = 4; lastKnownFileType = file.xib; path = KeyboardViewController.xib; sourceTree = "<group>"; };
		1F2DBE521E8175FC002DB97D /* KeyboardItemView.h */ = {isa = PBXFileReference; fileEncoding = 4; lastKnownFileType = sourcecode.c.h; path = KeyboardItemView.h; sourceTree = "<group>"; };
		1F2DBE531E8175FC002DB97D /* KeyboardItemView.m */ = {isa = PBXFileReference; fileEncoding = 4; lastKnownFileType = sourcecode.c.objc; path = KeyboardItemView.m; sourceTree = "<group>"; };
		1F2DBE541E8175FC002DB97D /* KeyboardItemView.xib */ = {isa = PBXFileReference; fileEncoding = 4; lastKnownFileType = file.xib; path = KeyboardItemView.xib; sourceTree = "<group>"; };
		1F2E3C941E5C31A7007B698A /* 50x50.gif */ = {isa = PBXFileReference; lastKnownFileType = image.gif; path = 50x50.gif; sourceTree = "<group>"; };
		1F2E3C951E5C31A7007B698A /* back_to_login_arrow.png */ = {isa = PBXFileReference; lastKnownFileType = image.png; path = back_to_login_arrow.png; sourceTree = "<group>"; };
		1F2E3C961E5C31A7007B698A /* camera-icon@2x.png */ = {isa = PBXFileReference; lastKnownFileType = image.png; path = "camera-icon@2x.png"; sourceTree = "<group>"; };
		1F2E3C971E5C31A7007B698A /* edit-icon@2x.png */ = {isa = PBXFileReference; lastKnownFileType = image.png; path = "edit-icon@2x.png"; sourceTree = "<group>"; };
		1F2E3C981E5C31A7007B698A /* friends.png */ = {isa = PBXFileReference; lastKnownFileType = image.png; path = friends.png; sourceTree = "<group>"; };
		1F2E3C991E5C31A7007B698A /* horse.png */ = {isa = PBXFileReference; lastKnownFileType = image.png; path = horse.png; sourceTree = "<group>"; };
		1F2E3C9A1E5C31A7007B698A /* image1.jpg */ = {isa = PBXFileReference; lastKnownFileType = image.jpeg; path = image1.jpg; sourceTree = "<group>"; };
		1F2E3C9B1E5C31A7007B698A /* image2.jpg */ = {isa = PBXFileReference; lastKnownFileType = image.jpeg; path = image2.jpg; sourceTree = "<group>"; };
		1F2E3C9C1E5C31A7007B698A /* image3.jpg */ = {isa = PBXFileReference; lastKnownFileType = image.jpeg; path = image3.jpg; sourceTree = "<group>"; };
		1F2E3C9D1E5C31A7007B698A /* image4.jpg */ = {isa = PBXFileReference; lastKnownFileType = image.jpeg; path = image4.jpg; sourceTree = "<group>"; };
		1F2E3C9E1E5C31A7007B698A /* image5.png */ = {isa = PBXFileReference; lastKnownFileType = image.png; path = image5.png; sourceTree = "<group>"; };
		1F2E3C9F1E5C31A7007B698A /* imageLeft.png */ = {isa = PBXFileReference; lastKnownFileType = image.png; path = imageLeft.png; sourceTree = "<group>"; };
		1F2E3CA01E5C31A7007B698A /* imageRight.png */ = {isa = PBXFileReference; lastKnownFileType = image.png; path = imageRight.png; sourceTree = "<group>"; };
		1F2E3CA11E5C31A7007B698A /* imageRoot.png */ = {isa = PBXFileReference; lastKnownFileType = image.png; path = imageRoot.png; sourceTree = "<group>"; };
		1F2E3CA21E5C31A7007B698A /* localization-icon@2x.png */ = {isa = PBXFileReference; lastKnownFileType = image.png; path = "localization-icon@2x.png"; sourceTree = "<group>"; };
		1F2E3CA31E5C31A7007B698A /* logo.png */ = {isa = PBXFileReference; lastKnownFileType = image.png; path = logo.png; sourceTree = "<group>"; };
		1F2E3CA41E5C31A7007B698A /* logo_text.png */ = {isa = PBXFileReference; lastKnownFileType = image.png; path = logo_text.png; sourceTree = "<group>"; };
		1F2E3CA51E5C31A7007B698A /* map-icon-hightlighted@2x.png */ = {isa = PBXFileReference; lastKnownFileType = image.png; path = "map-icon-hightlighted@2x.png"; sourceTree = "<group>"; };
		1F2E3CA61E5C31A7007B698A /* map-icon@2x.png */ = {isa = PBXFileReference; lastKnownFileType = image.png; path = "map-icon@2x.png"; sourceTree = "<group>"; };
		1F2E3CA71E5C31A7007B698A /* map.png */ = {isa = PBXFileReference; lastKnownFileType = image.png; path = map.png; sourceTree = "<group>"; };
		1F2E3CA81E5C31A7007B698A /* menu-icon@2x.png */ = {isa = PBXFileReference; lastKnownFileType = image.png; path = "menu-icon@2x.png"; sourceTree = "<group>"; };
		1F2E3CA91E5C31A7007B698A /* menu.png */ = {isa = PBXFileReference; lastKnownFileType = image.png; path = menu.png; sourceTree = "<group>"; };
		1F2E3CAA1E5C31A7007B698A /* message.png */ = {isa = PBXFileReference; lastKnownFileType = image.png; path = message.png; sourceTree = "<group>"; };
		1F2E3CAB1E5C31A7007B698A /* notifications.png */ = {isa = PBXFileReference; lastKnownFileType = image.png; path = notifications.png; sourceTree = "<group>"; };
		1F2E3CAC1E5C31A7007B698A /* pin.png */ = {isa = PBXFileReference; lastKnownFileType = image.png; path = pin.png; sourceTree = "<group>"; };
		1F2E3CAD1E5C31A7007B698A /* placeholder.png */ = {isa = PBXFileReference; lastKnownFileType = image.png; path = placeholder.png; sourceTree = "<group>"; };
		1F2E3CAE1E5C31A7007B698A /* placeholder.svg */ = {isa = PBXFileReference; fileEncoding = 4; lastKnownFileType = text.xml; path = placeholder.svg; sourceTree = "<group>"; };
		1F2E3CAF1E5C31A7007B698A /* search-icon@2x.png */ = {isa = PBXFileReference; lastKnownFileType = image.png; path = "search-icon@2x.png"; sourceTree = "<group>"; };
		1F2E3CB01E5C31A7007B698A /* settings-icon.png */ = {isa = PBXFileReference; lastKnownFileType = image.png; path = "settings-icon.png"; sourceTree = "<group>"; };
		1F2E3CB11E5C31A7007B698A /* settings-icon@2x.png */ = {isa = PBXFileReference; lastKnownFileType = image.png; path = "settings-icon@2x.png"; sourceTree = "<group>"; };
		1F2E3CB21E5C31A7007B698A /* settings.png */ = {isa = PBXFileReference; lastKnownFileType = image.png; path = settings.png; sourceTree = "<group>"; };
		1F2E3CB31E5C31A7007B698A /* singIn_image.png */ = {isa = PBXFileReference; lastKnownFileType = image.png; path = singIn_image.png; sourceTree = "<group>"; };
		1F2E3CB41E5C31A7007B698A /* singUp_image.png */ = {isa = PBXFileReference; lastKnownFileType = image.png; path = singUp_image.png; sourceTree = "<group>"; };
		1F2E3CB51E5C31A7007B698A /* social-icon.png */ = {isa = PBXFileReference; lastKnownFileType = image.png; path = "social-icon.png"; sourceTree = "<group>"; };
		1F2E3CB61E5C31A7007B698A /* social-icon@2x.png */ = {isa = PBXFileReference; lastKnownFileType = image.png; path = "social-icon@2x.png"; sourceTree = "<group>"; };
		1F2E3CB71E5C31A7007B698A /* star-icon.png */ = {isa = PBXFileReference; lastKnownFileType = image.png; path = "star-icon.png"; sourceTree = "<group>"; };
		1F2E3CB81E5C31A7007B698A /* star-icon@2x.png */ = {isa = PBXFileReference; lastKnownFileType = image.png; path = "star-icon@2x.png"; sourceTree = "<group>"; };
		1F2E3CB91E5C31A7007B698A /* timeline-icon-hightlighted@2x.png */ = {isa = PBXFileReference; lastKnownFileType = image.png; path = "timeline-icon-hightlighted@2x.png"; sourceTree = "<group>"; };
		1F2E3CBA1E5C31A7007B698A /* timeline-icon@2x.png */ = {isa = PBXFileReference; lastKnownFileType = image.png; path = "timeline-icon@2x.png"; sourceTree = "<group>"; };
		1F3107711EF559F100CEBFAF /* CalloutView.h */ = {isa = PBXFileReference; fileEncoding = 4; lastKnownFileType = sourcecode.c.h; path = CalloutView.h; sourceTree = "<group>"; };
		1F3107721EF559F100CEBFAF /* CalloutView.m */ = {isa = PBXFileReference; fileEncoding = 4; lastKnownFileType = sourcecode.c.objc; path = CalloutView.m; sourceTree = "<group>"; };
		1F3107741EF559FD00CEBFAF /* CalloutView.xib */ = {isa = PBXFileReference; fileEncoding = 4; lastKnownFileType = file.xib; path = CalloutView.xib; sourceTree = "<group>"; };
		1F3716951EEF06A0004F4E51 /* FriendListViewController.h */ = {isa = PBXFileReference; fileEncoding = 4; lastKnownFileType = sourcecode.c.h; path = FriendListViewController.h; sourceTree = "<group>"; };
		1F3716961EEF06A0004F4E51 /* FriendListViewController.m */ = {isa = PBXFileReference; fileEncoding = 4; lastKnownFileType = sourcecode.c.objc; path = FriendListViewController.m; sourceTree = "<group>"; };
		1F3716981EEF08A2004F4E51 /* FriendListCell.h */ = {isa = PBXFileReference; fileEncoding = 4; lastKnownFileType = sourcecode.c.h; path = FriendListCell.h; sourceTree = "<group>"; };
		1F3716991EEF08A2004F4E51 /* FriendListCell.m */ = {isa = PBXFileReference; fileEncoding = 4; lastKnownFileType = sourcecode.c.objc; path = FriendListCell.m; sourceTree = "<group>"; };
		1F37169A1EEF08A2004F4E51 /* FriendListCell.xib */ = {isa = PBXFileReference; fileEncoding = 4; lastKnownFileType = file.xib; path = FriendListCell.xib; sourceTree = "<group>"; };
		1F3783961EF4886A00A6BC6E /* avatar.jpg */ = {isa = PBXFileReference; lastKnownFileType = image.jpeg; path = avatar.jpg; sourceTree = "<group>"; };
		1F4384231EEE8CCA00999667 /* UserData.h */ = {isa = PBXFileReference; fileEncoding = 4; lastKnownFileType = sourcecode.c.h; path = UserData.h; sourceTree = "<group>"; };
		1F4384241EEE8CCA00999667 /* UserData.m */ = {isa = PBXFileReference; fileEncoding = 4; lastKnownFileType = sourcecode.c.objc; path = UserData.m; sourceTree = "<group>"; };
		1F4728611EE5A660002ABF68 /* RequestManager.h */ = {isa = PBXFileReference; fileEncoding = 4; lastKnownFileType = sourcecode.c.h; path = RequestManager.h; sourceTree = "<group>"; };
		1F4728621EE5A660002ABF68 /* RequestManager.m */ = {isa = PBXFileReference; fileEncoding = 4; lastKnownFileType = sourcecode.c.objc; path = RequestManager.m; sourceTree = "<group>"; };
		1F4728651EE5B2BF002ABF68 /* TokenManager.h */ = {isa = PBXFileReference; fileEncoding = 4; lastKnownFileType = sourcecode.c.h; path = TokenManager.h; sourceTree = "<group>"; };
		1F4728661EE5B2BF002ABF68 /* TokenManager.m */ = {isa = PBXFileReference; fileEncoding = 4; lastKnownFileType = sourcecode.c.objc; path = TokenManager.m; sourceTree = "<group>"; };
		1F4AC1421F06B779002DD38C /* EventViewController.h */ = {isa = PBXFileReference; fileEncoding = 4; lastKnownFileType = sourcecode.c.h; path = EventViewController.h; sourceTree = "<group>"; };
		1F4AC1431F06B779002DD38C /* EventViewController.m */ = {isa = PBXFileReference; fileEncoding = 4; lastKnownFileType = sourcecode.c.objc; path = EventViewController.m; sourceTree = "<group>"; };
		1F4AC1461F070D1E002DD38C /* EventCell.h */ = {isa = PBXFileReference; fileEncoding = 4; lastKnownFileType = sourcecode.c.h; path = EventCell.h; sourceTree = "<group>"; };
		1F4AC1471F070D1E002DD38C /* EventCell.m */ = {isa = PBXFileReference; fileEncoding = 4; lastKnownFileType = sourcecode.c.objc; path = EventCell.m; sourceTree = "<group>"; };
		1F4AC1481F070D1E002DD38C /* EventCell.xib */ = {isa = PBXFileReference; fileEncoding = 4; lastKnownFileType = file.xib; path = EventCell.xib; sourceTree = "<group>"; };
		1F4AC14C1F070D4F002DD38C /* LoadingCell.h */ = {isa = PBXFileReference; fileEncoding = 4; lastKnownFileType = sourcecode.c.h; path = LoadingCell.h; sourceTree = "<group>"; };
		1F4AC14D1F070D4F002DD38C /* LoadingCell.m */ = {isa = PBXFileReference; fileEncoding = 4; lastKnownFileType = sourcecode.c.objc; path = LoadingCell.m; sourceTree = "<group>"; };
		1F4AC1541F07BC53002DD38C /* AttenderCell.h */ = {isa = PBXFileReference; fileEncoding = 4; lastKnownFileType = sourcecode.c.h; path = AttenderCell.h; sourceTree = "<group>"; };
		1F4AC1551F07BC53002DD38C /* AttenderCell.m */ = {isa = PBXFileReference; fileEncoding = 4; lastKnownFileType = sourcecode.c.objc; path = AttenderCell.m; sourceTree = "<group>"; };
		1F4AC1561F07BC53002DD38C /* AttenderCell.xib */ = {isa = PBXFileReference; fileEncoding = 4; lastKnownFileType = file.xib; path = AttenderCell.xib; sourceTree = "<group>"; };
		1F4AC1591F07BCB8002DD38C /* AttendersViewController.h */ = {isa = PBXFileReference; fileEncoding = 4; lastKnownFileType = sourcecode.c.h; path = AttendersViewController.h; sourceTree = "<group>"; };
		1F4AC15A1F07BCB8002DD38C /* AttendersViewController.m */ = {isa = PBXFileReference; fileEncoding = 4; lastKnownFileType = sourcecode.c.objc; path = AttendersViewController.m; sourceTree = "<group>"; };
		1F7500371E5AEE8B0066E71E /* SearchResultController.h */ = {isa = PBXFileReference; fileEncoding = 4; lastKnownFileType = sourcecode.c.h; path = SearchResultController.h; sourceTree = "<group>"; };
		1F7500381E5AEE8B0066E71E /* SearchResultController.m */ = {isa = PBXFileReference; fileEncoding = 4; lastKnownFileType = sourcecode.c.objc; path = SearchResultController.m; sourceTree = "<group>"; };
		1F7B0A211E5C478A004D08C8 /* comment-icon@2x.png */ = {isa = PBXFileReference; lastKnownFileType = image.png; path = "comment-icon@2x.png"; sourceTree = "<group>"; };
		1F7B0A221E5C478A004D08C8 /* dislike-icon@2x.png */ = {isa = PBXFileReference; lastKnownFileType = image.png; path = "dislike-icon@2x.png"; sourceTree = "<group>"; };
		1F7B0A231E5C478A004D08C8 /* like-icon@2x.png */ = {isa = PBXFileReference; lastKnownFileType = image.png; path = "like-icon@2x.png"; sourceTree = "<group>"; };
		1F7B0A271E5C4AB7004D08C8 /* like-icon-higtlighted@2x.png */ = {isa = PBXFileReference; lastKnownFileType = image.png; path = "like-icon-higtlighted@2x.png"; sourceTree = "<group>"; };
		1F7B0A291E5C4AC0004D08C8 /* dislike-icon-hightlighted@2x.png */ = {isa = PBXFileReference; lastKnownFileType = image.png; path = "dislike-icon-hightlighted@2x.png"; sourceTree = "<group>"; };
		1FA5C9291EE8BAF9006E65E6 /* NotificationsViewController.h */ = {isa = PBXFileReference; fileEncoding = 4; lastKnownFileType = sourcecode.c.h; path = NotificationsViewController.h; sourceTree = "<group>"; };
		1FA5C92A1EE8BAF9006E65E6 /* NotificationsViewController.m */ = {isa = PBXFileReference; fileEncoding = 4; lastKnownFileType = sourcecode.c.objc; path = NotificationsViewController.m; sourceTree = "<group>"; };
		1FB23C9D1EEF225300148967 /* FriendsData.h */ = {isa = PBXFileReference; fileEncoding = 4; lastKnownFileType = sourcecode.c.h; path = FriendsData.h; sourceTree = "<group>"; };
		1FB23C9E1EEF225300148967 /* FriendsData.m */ = {isa = PBXFileReference; fileEncoding = 4; lastKnownFileType = sourcecode.c.objc; path = FriendsData.m; sourceTree = "<group>"; };
		1FD5DACB1E925F1A0083DFB2 /* PinView.h */ = {isa = PBXFileReference; fileEncoding = 4; lastKnownFileType = sourcecode.c.h; path = PinView.h; sourceTree = "<group>"; };
		1FD5DACC1E925F1A0083DFB2 /* PinView.m */ = {isa = PBXFileReference; fileEncoding = 4; lastKnownFileType = sourcecode.c.objc; path = PinView.m; sourceTree = "<group>"; };
		1FD5DACE1E925F270083DFB2 /* PinView.xib */ = {isa = PBXFileReference; fileEncoding = 4; lastKnownFileType = file.xib; path = PinView.xib; sourceTree = "<group>"; };
		1FD5DAD01E9266A20083DFB2 /* cat.jpg */ = {isa = PBXFileReference; lastKnownFileType = image.jpeg; path = cat.jpg; sourceTree = "<group>"; };
		1FDE93731EB74F42006EFF3A /* EventFilterTableView.h */ = {isa = PBXFileReference; fileEncoding = 4; lastKnownFileType = sourcecode.c.h; path = EventFilterTableView.h; sourceTree = "<group>"; };
		1FDE93741EB74F42006EFF3A /* EventFilterTableView.m */ = {isa = PBXFileReference; fileEncoding = 4; lastKnownFileType = sourcecode.c.objc; path = EventFilterTableView.m; sourceTree = "<group>"; };
		1FDE93791EB750E1006EFF3A /* EventFilterCell.h */ = {isa = PBXFileReference; fileEncoding = 4; lastKnownFileType = sourcecode.c.h; path = EventFilterCell.h; sourceTree = "<group>"; };
		1FDE937A1EB750E1006EFF3A /* EventFilterCell.m */ = {isa = PBXFileReference; fileEncoding = 4; lastKnownFileType = sourcecode.c.objc; path = EventFilterCell.m; sourceTree = "<group>"; };
		1FDE937B1EB750E1006EFF3A /* EventFilterCell.xib */ = {isa = PBXFileReference; fileEncoding = 4; lastKnownFileType = file.xib; path = EventFilterCell.xib; sourceTree = "<group>"; };
		1FDE937E1EB76588006EFF3A /* EventFilterTableController.h */ = {isa = PBXFileReference; fileEncoding = 4; lastKnownFileType = sourcecode.c.h; path = EventFilterTableController.h; sourceTree = "<group>"; };
		1FDE937F1EB76588006EFF3A /* EventFilterTableController.m */ = {isa = PBXFileReference; fileEncoding = 4; lastKnownFileType = sourcecode.c.objc; path = EventFilterTableController.m; sourceTree = "<group>"; };
		1FDE93A71EB881EB006EFF3A /* CustomAnnotation.h */ = {isa = PBXFileReference; fileEncoding = 4; lastKnownFileType = sourcecode.c.h; path = CustomAnnotation.h; sourceTree = "<group>"; };
		1FDE93A81EB881EB006EFF3A /* CustomAnnotation.m */ = {isa = PBXFileReference; fileEncoding = 4; lastKnownFileType = sourcecode.c.objc; path = CustomAnnotation.m; sourceTree = "<group>"; };
		1FF74CFA1EE99F21004339FC /* FriendRequestCell.h */ = {isa = PBXFileReference; fileEncoding = 4; lastKnownFileType = sourcecode.c.h; path = FriendRequestCell.h; sourceTree = "<group>"; };
		1FF74CFB1EE99F21004339FC /* FriendRequestCell.m */ = {isa = PBXFileReference; fileEncoding = 4; lastKnownFileType = sourcecode.c.objc; path = FriendRequestCell.m; sourceTree = "<group>"; };
		1FF74CFC1EE99F21004339FC /* FriendRequestCell.xib */ = {isa = PBXFileReference; fileEncoding = 4; lastKnownFileType = file.xib; path = FriendRequestCell.xib; sourceTree = "<group>"; };
		1FFC89301EF02D5400B40BC1 /* EventData.h */ = {isa = PBXFileReference; fileEncoding = 4; lastKnownFileType = sourcecode.c.h; path = EventData.h; sourceTree = "<group>"; };
		1FFC89311EF02D5400B40BC1 /* EventData.m */ = {isa = PBXFileReference; fileEncoding = 4; lastKnownFileType = sourcecode.c.objc; path = EventData.m; sourceTree = "<group>"; };
		28CA52F6CEE57ABC021AA150 /* libPods-SocialTwist.a */ = {isa = PBXFileReference; explicitFileType = archive.ar; includeInIndex = 0; path = "libPods-SocialTwist.a"; sourceTree = BUILT_PRODUCTS_DIR; };
		3BD166383B46C297653FA0C4 /* Pods-SocialTwist.debug.xcconfig */ = {isa = PBXFileReference; includeInIndex = 1; lastKnownFileType = text.xcconfig; name = "Pods-SocialTwist.debug.xcconfig"; path = "Pods/Target Support Files/Pods-SocialTwist/Pods-SocialTwist.debug.xcconfig"; sourceTree = "<group>"; };
		78350D957FB456924E1EB5E6 /* Pods-SocialTwist.release.xcconfig */ = {isa = PBXFileReference; includeInIndex = 1; lastKnownFileType = text.xcconfig; name = "Pods-SocialTwist.release.xcconfig"; path = "Pods/Target Support Files/Pods-SocialTwist/Pods-SocialTwist.release.xcconfig"; sourceTree = "<group>"; };
		DD64342B1EF6D9DC007AE577 /* PhotoSliderViewController.h */ = {isa = PBXFileReference; fileEncoding = 4; lastKnownFileType = sourcecode.c.h; path = PhotoSliderViewController.h; sourceTree = "<group>"; };
		DD64342C1EF6D9DC007AE577 /* PhotoSliderViewController.m */ = {isa = PBXFileReference; fileEncoding = 4; lastKnownFileType = sourcecode.c.objc; path = PhotoSliderViewController.m; sourceTree = "<group>"; };
		DD64342E1EF6D9DC007AE577 /* UserEventCell.h */ = {isa = PBXFileReference; fileEncoding = 4; lastKnownFileType = sourcecode.c.h; path = UserEventCell.h; sourceTree = "<group>"; };
		DD64342F1EF6D9DC007AE577 /* UserEventCell.m */ = {isa = PBXFileReference; fileEncoding = 4; lastKnownFileType = sourcecode.c.objc; path = UserEventCell.m; sourceTree = "<group>"; };
		DD6434301EF6D9DC007AE577 /* UserEventCell.xib */ = {isa = PBXFileReference; fileEncoding = 4; lastKnownFileType = file.xib; path = UserEventCell.xib; sourceTree = "<group>"; };
		DD6434321EF6D9DC007AE577 /* GalleryViewController.h */ = {isa = PBXFileReference; fileEncoding = 4; lastKnownFileType = sourcecode.c.h; path = GalleryViewController.h; sourceTree = "<group>"; };
		DD6434331EF6D9DC007AE577 /* GalleryViewController.m */ = {isa = PBXFileReference; fileEncoding = 4; lastKnownFileType = sourcecode.c.objc; path = GalleryViewController.m; sourceTree = "<group>"; };
		DD6434341EF6D9DC007AE577 /* ImageCollectionViewCell.h */ = {isa = PBXFileReference; fileEncoding = 4; lastKnownFileType = sourcecode.c.h; path = ImageCollectionViewCell.h; sourceTree = "<group>"; };
		DD6434351EF6D9DC007AE577 /* ImageCollectionViewCell.m */ = {isa = PBXFileReference; fileEncoding = 4; lastKnownFileType = sourcecode.c.objc; path = ImageCollectionViewCell.m; sourceTree = "<group>"; };
		DD6434361EF6D9DC007AE577 /* Photos.h */ = {isa = PBXFileReference; fileEncoding = 4; lastKnownFileType = sourcecode.c.h; path = Photos.h; sourceTree = "<group>"; };
		DD6434371EF6D9DC007AE577 /* Photos.m */ = {isa = PBXFileReference; fileEncoding = 4; lastKnownFileType = sourcecode.c.objc; path = Photos.m; sourceTree = "<group>"; };
		DD6434391EF6D9DC007AE577 /* UserProfileCell.h */ = {isa = PBXFileReference; fileEncoding = 4; lastKnownFileType = sourcecode.c.h; path = UserProfileCell.h; sourceTree = "<group>"; };
		DD64343A1EF6D9DC007AE577 /* UserProfileCell.m */ = {isa = PBXFileReference; fileEncoding = 4; lastKnownFileType = sourcecode.c.objc; path = UserProfileCell.m; sourceTree = "<group>"; };
		DD64343B1EF6D9DC007AE577 /* UserProfileCell.xib */ = {isa = PBXFileReference; fileEncoding = 4; lastKnownFileType = file.xib; path = UserProfileCell.xib; sourceTree = "<group>"; };
		DD64343D1EF6D9DC007AE577 /* UserProfileViewController.h */ = {isa = PBXFileReference; fileEncoding = 4; lastKnownFileType = sourcecode.c.h; path = UserProfileViewController.h; sourceTree = "<group>"; };
		DD64343E1EF6D9DC007AE577 /* UserProfileViewController.m */ = {isa = PBXFileReference; fileEncoding = 4; lastKnownFileType = sourcecode.c.objc; path = UserProfileViewController.m; sourceTree = "<group>"; };
/* End PBXFileReference section */

/* Begin PBXFrameworksBuildPhase section */
		1F2054CB1E465541005AAEA9 /* Frameworks */ = {
			isa = PBXFrameworksBuildPhase;
			buildActionMask = 2147483647;
			files = (
				32E0595146A5E519CF5B7A56 /* libPods-SocialTwist.a in Frameworks */,
			);
			runOnlyForDeploymentPostprocessing = 0;
		};
/* End PBXFrameworksBuildPhase section */

/* Begin PBXGroup section */
		1F0AADA21E9F865100745A6A /* EventContent */ = {
			isa = PBXGroup;
			children = (
				1F0AADA31E9F868D00745A6A /* EventContent.h */,
				1F0AADA41E9F868D00745A6A /* EventContent.m */,
			);
			path = EventContent;
			sourceTree = "<group>";
		};
		1F0BE9481EE058BA0056C71B /* PostEventView */ = {
			isa = PBXGroup;
			children = (
				1F0BE9491EE058BA0056C71B /* PostEventView.h */,
				1F0BE94A1EE058BA0056C71B /* PostEventView.m */,
				1F0BE94B1EE058BA0056C71B /* PostEventView.xib */,
			);
			path = PostEventView;
			sourceTree = "<group>";
		};
		1F0EF66A1EF1411900872392 /* SearchResultCell */ = {
			isa = PBXGroup;
			children = (
				1F0EF66B1EF1413200872392 /* SearchResultCell.h */,
				1F0EF66C1EF1413200872392 /* SearchResultCell.m */,
				1F0EF66D1EF1413200872392 /* SearchResultCell.xib */,
			);
			path = SearchResultCell;
			sourceTree = "<group>";
		};
		1F0EF6701EF17F5100872392 /* General */ = {
			isa = PBXGroup;
			children = (
				1F0EF6711EF17F5100872392 /* BlurEfect */,
				1F0EF6741EF17F5100872392 /* KeyboardAvoiding */,
				1F0EF6771EF17F5100872392 /* Utilities */,
			);
			path = General;
			sourceTree = "<group>";
		};
		1F0EF6711EF17F5100872392 /* BlurEfect */ = {
			isa = PBXGroup;
			children = (
				1F0EF6721EF17F5100872392 /* SMVisualEffectView.h */,
				1F0EF6731EF17F5100872392 /* SMVisualEffectView.m */,
			);
			path = BlurEfect;
			sourceTree = "<group>";
		};
		1F0EF6741EF17F5100872392 /* KeyboardAvoiding */ = {
			isa = PBXGroup;
			children = (
				1F0EF6751EF17F5100872392 /* KeyboardAvoiding.h */,
				1F0EF6761EF17F5100872392 /* KeyboardAvoiding.m */,
			);
			path = KeyboardAvoiding;
			sourceTree = "<group>";
		};
		1F0EF6771EF17F5100872392 /* Utilities */ = {
			isa = PBXGroup;
			children = (
				1F0EF6781EF17F5100872392 /* Utilities.h */,
				1F0EF6791EF17F5100872392 /* Utilities.m */,
			);
			path = Utilities;
			sourceTree = "<group>";
		};
		1F2054C51E465541005AAEA9 = {
			isa = PBXGroup;
			children = (
				1FDE93A71EB881EB006EFF3A /* CustomAnnotation.h */,
				1FDE93A81EB881EB006EFF3A /* CustomAnnotation.m */,
				1F2054D01E465541005AAEA9 /* SocialTwist */,
				1F2054CF1E465541005AAEA9 /* Products */,
				2D735A0FD5CEB821D6C22CD3 /* Pods */,
				9093FC8A664704D61165F665 /* Frameworks */,
			);
			sourceTree = "<group>";
		};
		1F2054CF1E465541005AAEA9 /* Products */ = {
			isa = PBXGroup;
			children = (
				1F2054CE1E465541005AAEA9 /* SocialTwist.app */,
			);
			name = Products;
			sourceTree = "<group>";
		};
		1F2054D01E465541005AAEA9 /* SocialTwist */ = {
			isa = PBXGroup;
			children = (
				DD6434291EF6D9DC007AE577 /* UserProfile */,
				1F0EF6701EF17F5100872392 /* General */,
				1F4384211EEE8CB100999667 /* ObjectsData */,
				1F4728641EE5B2B5002ABF68 /* TokenManager */,
				1F4728601EE5A641002ABF68 /* RequestManager */,
				1F2E3C931E5C31A7007B698A /* Images */,
				1F2054E81E46575E005AAEA9 /* ViewController's */,
				1F2054D41E465541005AAEA9 /* AppDelegate.h */,
				1F2054D51E465541005AAEA9 /* AppDelegate.m */,
				1F2054DA1E465541005AAEA9 /* Main.storyboard */,
				1F2054DD1E465541005AAEA9 /* Assets.xcassets */,
				1F2054DF1E465541005AAEA9 /* LaunchScreen.storyboard */,
				1F2054E21E465541005AAEA9 /* Info.plist */,
				1F2054D11E465541005AAEA9 /* Supporting Files */,
			);
			path = SocialTwist;
			sourceTree = "<group>";
		};
		1F2054D11E465541005AAEA9 /* Supporting Files */ = {
			isa = PBXGroup;
			children = (
				1F2054D21E465541005AAEA9 /* main.m */,
			);
			name = "Supporting Files";
			sourceTree = "<group>";
		};
		1F2054E81E46575E005AAEA9 /* ViewController's */ = {
			isa = PBXGroup;
			children = (
				1F4AC14F1F07BBC2002DD38C /* AttendersViewController */,
				1F4AC1411F06B761002DD38C /* EventViewController */,
				1F3716931EEF066F004F4E51 /* FriendListController */,
				1FA5C9281EE8BADF006E65E6 /* NotificationsController */,
				1F2055B71E466A6E005AAEA9 /* SideMenuController */,
				1F2055321E465C45005AAEA9 /* ContainerController */,
				1F7500361E5AEE720066E71E /* SearchResultController */,
				1F20554C1E4662CD005AAEA9 /* TimelineController */,
				1F2055351E465C45005AAEA9 /* MapController */,
				1F2054E91E46575E005AAEA9 /* LoginController */,
				1F2054EC1E46575E005AAEA9 /* RegisterController */,
			);
			path = "ViewController's";
			sourceTree = "<group>";
		};
		1F2054E91E46575E005AAEA9 /* LoginController */ = {
			isa = PBXGroup;
			children = (
				1F2054EA1E46575E005AAEA9 /* LoginViewController.h */,
				1F2054EB1E46575E005AAEA9 /* LoginViewController.m */,
			);
			path = LoginController;
			sourceTree = "<group>";
		};
		1F2054EC1E46575E005AAEA9 /* RegisterController */ = {
			isa = PBXGroup;
			children = (
				1F2054ED1E46575E005AAEA9 /* RegisterViewController.h */,
				1F2054EE1E46575E005AAEA9 /* RegisterViewController.m */,
			);
			path = RegisterController;
			sourceTree = "<group>";
		};
		1F2055321E465C45005AAEA9 /* ContainerController */ = {
			isa = PBXGroup;
			children = (
				1F2055331E465C45005AAEA9 /* ContainerViewController.h */,
				1F2055341E465C45005AAEA9 /* ContainerViewController.m */,
			);
			path = ContainerController;
			sourceTree = "<group>";
		};
		1F2055351E465C45005AAEA9 /* MapController */ = {
			isa = PBXGroup;
			children = (
				1F0BE9481EE058BA0056C71B /* PostEventView */,
				1F2922F71EB4C3600065EF72 /* EventFilterView */,
				1F2DBE4C1E8175FC002DB97D /* CustomKeyboard */,
				1FD5DAC91E925E840083DFB2 /* EventAnnotationView */,
				1F20553A1E465C45005AAEA9 /* MapViewController.h */,
				1F20553B1E465C45005AAEA9 /* MapViewController.m */,
			);
			path = MapController;
			sourceTree = "<group>";
		};
		1F20554C1E4662CD005AAEA9 /* TimelineController */ = {
			isa = PBXGroup;
			children = (
				1F0AADA21E9F865100745A6A /* EventContent */,
				1F4AC14B1F070D4F002DD38C /* LoadingCell */,
				1FE1B2EA1E9E57E500999557 /* PostEventCell */,
				1F4AC1451F070D1E002DD38C /* EventCell */,
				1F2055511E4662CD005AAEA9 /* TimelineTableController.h */,
				1F2055521E4662CD005AAEA9 /* TimelineTableController.m */,
			);
			path = TimelineController;
			sourceTree = "<group>";
		};
		1F2055B71E466A6E005AAEA9 /* SideMenuController */ = {
			isa = PBXGroup;
			children = (
				1F2C54491E4768EF006B7F82 /* MenuCell */,
				1F2C544A1E4768EF006B7F82 /* MenuProfileCell */,
				1F2055BF1E466A6E005AAEA9 /* MenuTable */,
				1F2055B81E466A6E005AAEA9 /* MainController */,
			);
			path = SideMenuController;
			sourceTree = "<group>";
		};
		1F2055B81E466A6E005AAEA9 /* MainController */ = {
			isa = PBXGroup;
			children = (
				1F2055B91E466A6E005AAEA9 /* MainViewController.h */,
				1F2055BA1E466A6E005AAEA9 /* MainViewController.m */,
			);
			path = MainController;
			sourceTree = "<group>";
		};
		1F2055BF1E466A6E005AAEA9 /* MenuTable */ = {
			isa = PBXGroup;
			children = (
				1F2055C01E466A6E005AAEA9 /* TableViewController.h */,
				1F2055C11E466A6E005AAEA9 /* TableViewController.m */,
			);
			path = MenuTable;
			sourceTree = "<group>";
		};
		1F2922F71EB4C3600065EF72 /* EventFilterView */ = {
			isa = PBXGroup;
			children = (
				1F2922F81EB4C3600065EF72 /* EventFilterCellView */,
				1FDE93731EB74F42006EFF3A /* EventFilterTableView.h */,
				1FDE93741EB74F42006EFF3A /* EventFilterTableView.m */,
				1FDE937E1EB76588006EFF3A /* EventFilterTableController.h */,
				1FDE937F1EB76588006EFF3A /* EventFilterTableController.m */,
			);
			path = EventFilterView;
			sourceTree = "<group>";
		};
		1F2922F81EB4C3600065EF72 /* EventFilterCellView */ = {
			isa = PBXGroup;
			children = (
				1FDE93791EB750E1006EFF3A /* EventFilterCell.h */,
				1FDE937A1EB750E1006EFF3A /* EventFilterCell.m */,
				1FDE937B1EB750E1006EFF3A /* EventFilterCell.xib */,
			);
			path = EventFilterCellView;
			sourceTree = "<group>";
		};
		1F2C54491E4768EF006B7F82 /* MenuCell */ = {
			isa = PBXGroup;
			children = (
				1F2C54501E476941006B7F82 /* MenuCell.h */,
				1F2C54511E476941006B7F82 /* MenuCell.m */,
				1F2C54521E476941006B7F82 /* MenuCell.xib */,
			);
			path = MenuCell;
			sourceTree = "<group>";
		};
		1F2C544A1E4768EF006B7F82 /* MenuProfileCell */ = {
			isa = PBXGroup;
			children = (
				1F2C544B1E4768EF006B7F82 /* TableViewCell.h */,
				1F2C544C1E4768EF006B7F82 /* TableViewCell.m */,
				1F2C544D1E4768EF006B7F82 /* TableViewCell.xib */,
			);
			path = MenuProfileCell;
			sourceTree = "<group>";
		};
		1F2DBE4C1E8175FC002DB97D /* CustomKeyboard */ = {
			isa = PBXGroup;
			children = (
				1F2DBE4D1E8175FC002DB97D /* CollectionView */,
				1F2DBE511E8175FC002DB97D /* CollectionViewCell */,
			);
			path = CustomKeyboard;
			sourceTree = "<group>";
		};
		1F2DBE4D1E8175FC002DB97D /* CollectionView */ = {
			isa = PBXGroup;
			children = (
				1F2DBE4E1E8175FC002DB97D /* KeyboardViewController.h */,
				1F2DBE4F1E8175FC002DB97D /* KeyboardViewController.m */,
				1F2DBE501E8175FC002DB97D /* KeyboardViewController.xib */,
			);
			path = CollectionView;
			sourceTree = "<group>";
		};
		1F2DBE511E8175FC002DB97D /* CollectionViewCell */ = {
			isa = PBXGroup;
			children = (
				1F2DBE521E8175FC002DB97D /* KeyboardItemView.h */,
				1F2DBE531E8175FC002DB97D /* KeyboardItemView.m */,
				1F2DBE541E8175FC002DB97D /* KeyboardItemView.xib */,
			);
			path = CollectionViewCell;
			sourceTree = "<group>";
		};
		1F2E3C931E5C31A7007B698A /* Images */ = {
			isa = PBXGroup;
			children = (
				1F3783961EF4886A00A6BC6E /* avatar.jpg */,
				1FD5DAD01E9266A20083DFB2 /* cat.jpg */,
				1F7B0A291E5C4AC0004D08C8 /* dislike-icon-hightlighted@2x.png */,
				1F7B0A271E5C4AB7004D08C8 /* like-icon-higtlighted@2x.png */,
				1F7B0A211E5C478A004D08C8 /* comment-icon@2x.png */,
				1F7B0A221E5C478A004D08C8 /* dislike-icon@2x.png */,
				1F7B0A231E5C478A004D08C8 /* like-icon@2x.png */,
				1F2E3C941E5C31A7007B698A /* 50x50.gif */,
				1F2E3C951E5C31A7007B698A /* back_to_login_arrow.png */,
				1F2E3C961E5C31A7007B698A /* camera-icon@2x.png */,
				1F2E3C971E5C31A7007B698A /* edit-icon@2x.png */,
				1F2E3C981E5C31A7007B698A /* friends.png */,
				1F2E3C991E5C31A7007B698A /* horse.png */,
				1F2E3C9A1E5C31A7007B698A /* image1.jpg */,
				1F2E3C9B1E5C31A7007B698A /* image2.jpg */,
				1F2E3C9C1E5C31A7007B698A /* image3.jpg */,
				1F2E3C9D1E5C31A7007B698A /* image4.jpg */,
				1F2E3C9E1E5C31A7007B698A /* image5.png */,
				1F2E3C9F1E5C31A7007B698A /* imageLeft.png */,
				1F2E3CA01E5C31A7007B698A /* imageRight.png */,
				1F2E3CA11E5C31A7007B698A /* imageRoot.png */,
				1F2E3CA21E5C31A7007B698A /* localization-icon@2x.png */,
				1F2E3CA31E5C31A7007B698A /* logo.png */,
				1F2E3CA41E5C31A7007B698A /* logo_text.png */,
				1F2E3CA51E5C31A7007B698A /* map-icon-hightlighted@2x.png */,
				1F2E3CA61E5C31A7007B698A /* map-icon@2x.png */,
				1F2E3CA71E5C31A7007B698A /* map.png */,
				1F2E3CA81E5C31A7007B698A /* menu-icon@2x.png */,
				1F2E3CA91E5C31A7007B698A /* menu.png */,
				1F2E3CAA1E5C31A7007B698A /* message.png */,
				1F2E3CAB1E5C31A7007B698A /* notifications.png */,
				1F2E3CAC1E5C31A7007B698A /* pin.png */,
				1F2E3CAD1E5C31A7007B698A /* placeholder.png */,
				1F2E3CAE1E5C31A7007B698A /* placeholder.svg */,
				1F2E3CAF1E5C31A7007B698A /* search-icon@2x.png */,
				1F2E3CB01E5C31A7007B698A /* settings-icon.png */,
				1F2E3CB11E5C31A7007B698A /* settings-icon@2x.png */,
				1F2E3CB21E5C31A7007B698A /* settings.png */,
				1F2E3CB31E5C31A7007B698A /* singIn_image.png */,
				1F2E3CB41E5C31A7007B698A /* singUp_image.png */,
				1F2E3CB51E5C31A7007B698A /* social-icon.png */,
				1F2E3CB61E5C31A7007B698A /* social-icon@2x.png */,
				1F2E3CB71E5C31A7007B698A /* star-icon.png */,
				1F2E3CB81E5C31A7007B698A /* star-icon@2x.png */,
				1F2E3CB91E5C31A7007B698A /* timeline-icon-hightlighted@2x.png */,
				1F2E3CBA1E5C31A7007B698A /* timeline-icon@2x.png */,
			);
			path = Images;
			sourceTree = "<group>";
		};
		1F3716931EEF066F004F4E51 /* FriendListController */ = {
			isa = PBXGroup;
			children = (
				1F3716941EEF066F004F4E51 /* FriendListCell */,
				1F3716951EEF06A0004F4E51 /* FriendListViewController.h */,
				1F3716961EEF06A0004F4E51 /* FriendListViewController.m */,
			);
			path = FriendListController;
			sourceTree = "<group>";
		};
		1F3716941EEF066F004F4E51 /* FriendListCell */ = {
			isa = PBXGroup;
			children = (
				1F3716981EEF08A2004F4E51 /* FriendListCell.h */,
				1F3716991EEF08A2004F4E51 /* FriendListCell.m */,
				1F37169A1EEF08A2004F4E51 /* FriendListCell.xib */,
			);
			path = FriendListCell;
			sourceTree = "<group>";
		};
		1F4384211EEE8CB100999667 /* ObjectsData */ = {
			isa = PBXGroup;
			children = (
				1FFC892F1EF02D4400B40BC1 /* EventData */,
				1FB23C9C1EEF223100148967 /* FriendsData */,
				1F4384221EEE8CB100999667 /* UserData */,
			);
			path = ObjectsData;
			sourceTree = "<group>";
		};
		1F4384221EEE8CB100999667 /* UserData */ = {
			isa = PBXGroup;
			children = (
				1F4384231EEE8CCA00999667 /* UserData.h */,
				1F4384241EEE8CCA00999667 /* UserData.m */,
			);
			path = UserData;
			sourceTree = "<group>";
		};
		1F4728601EE5A641002ABF68 /* RequestManager */ = {
			isa = PBXGroup;
			children = (
				1F4728611EE5A660002ABF68 /* RequestManager.h */,
				1F4728621EE5A660002ABF68 /* RequestManager.m */,
			);
			path = RequestManager;
			sourceTree = "<group>";
		};
		1F4728641EE5B2B5002ABF68 /* TokenManager */ = {
			isa = PBXGroup;
			children = (
				1F4728651EE5B2BF002ABF68 /* TokenManager.h */,
				1F4728661EE5B2BF002ABF68 /* TokenManager.m */,
			);
			path = TokenManager;
			sourceTree = "<group>";
		};
		1F4AC1411F06B761002DD38C /* EventViewController */ = {
			isa = PBXGroup;
			children = (
				1F4AC1421F06B779002DD38C /* EventViewController.h */,
				1F4AC1431F06B779002DD38C /* EventViewController.m */,
			);
			path = EventViewController;
			sourceTree = "<group>";
		};
		1F4AC1451F070D1E002DD38C /* EventCell */ = {
			isa = PBXGroup;
			children = (
				1F4AC1461F070D1E002DD38C /* EventCell.h */,
				1F4AC1471F070D1E002DD38C /* EventCell.m */,
				1F4AC1481F070D1E002DD38C /* EventCell.xib */,
			);
			path = EventCell;
			sourceTree = "<group>";
		};
		1F4AC14B1F070D4F002DD38C /* LoadingCell */ = {
			isa = PBXGroup;
			children = (
				1F4AC14C1F070D4F002DD38C /* LoadingCell.h */,
				1F4AC14D1F070D4F002DD38C /* LoadingCell.m */,
			);
			path = LoadingCell;
			sourceTree = "<group>";
		};
		1F4AC14F1F07BBC2002DD38C /* AttendersViewController */ = {
			isa = PBXGroup;
			children = (
				1F4AC1501F07BBC2002DD38C /* AttenderCell */,
				1F4AC1591F07BCB8002DD38C /* AttendersViewController.h */,
				1F4AC15A1F07BCB8002DD38C /* AttendersViewController.m */,
			);
			path = AttendersViewController;
			sourceTree = "<group>";
		};
		1F4AC1501F07BBC2002DD38C /* AttenderCell */ = {
			isa = PBXGroup;
			children = (
				1F4AC1541F07BC53002DD38C /* AttenderCell.h */,
				1F4AC1551F07BC53002DD38C /* AttenderCell.m */,
				1F4AC1561F07BC53002DD38C /* AttenderCell.xib */,
			);
			path = AttenderCell;
			sourceTree = "<group>";
		};
		1F7500361E5AEE720066E71E /* SearchResultController */ = {
			isa = PBXGroup;
			children = (
				1F0EF66A1EF1411900872392 /* SearchResultCell */,
				1F7500371E5AEE8B0066E71E /* SearchResultController.h */,
				1F7500381E5AEE8B0066E71E /* SearchResultController.m */,
			);
			path = SearchResultController;
			sourceTree = "<group>";
		};
		1FA5C9281EE8BADF006E65E6 /* NotificationsController */ = {
			isa = PBXGroup;
			children = (
				1FF74CF91EE99EFE004339FC /* FriendRequestCell */,
				1FA5C9291EE8BAF9006E65E6 /* NotificationsViewController.h */,
				1FA5C92A1EE8BAF9006E65E6 /* NotificationsViewController.m */,
			);
			path = NotificationsController;
			sourceTree = "<group>";
		};
		1FB23C9C1EEF223100148967 /* FriendsData */ = {
			isa = PBXGroup;
			children = (
				1FB23C9D1EEF225300148967 /* FriendsData.h */,
				1FB23C9E1EEF225300148967 /* FriendsData.m */,
			);
			path = FriendsData;
			sourceTree = "<group>";
		};
		1FD5DAC91E925E840083DFB2 /* EventAnnotationView */ = {
			isa = PBXGroup;
			children = (
				1FDC3C351EA60B1A0094A7E9 /* CalloutView */,
				1FD5DACA1E925E840083DFB2 /* PinView */,
			);
			path = EventAnnotationView;
			sourceTree = "<group>";
		};
		1FD5DACA1E925E840083DFB2 /* PinView */ = {
			isa = PBXGroup;
			children = (
				1FD5DACB1E925F1A0083DFB2 /* PinView.h */,
				1FD5DACC1E925F1A0083DFB2 /* PinView.m */,
				1FD5DACE1E925F270083DFB2 /* PinView.xib */,
			);
			path = PinView;
			sourceTree = "<group>";
		};
		1FDC3C351EA60B1A0094A7E9 /* CalloutView */ = {
			isa = PBXGroup;
			children = (
				1F3107711EF559F100CEBFAF /* CalloutView.h */,
				1F3107721EF559F100CEBFAF /* CalloutView.m */,
				1F3107741EF559FD00CEBFAF /* CalloutView.xib */,
			);
			path = CalloutView;
			sourceTree = "<group>";
		};
		1FE1B2EA1E9E57E500999557 /* PostEventCell */ = {
			isa = PBXGroup;
			children = (
				1F0AAD9D1E9E722F00745A6A /* PostEventCell.h */,
				1F0AAD9E1E9E722F00745A6A /* PostEventCell.m */,
				1F0AAD9F1E9E722F00745A6A /* PostEventCell.xib */,
			);
			path = PostEventCell;
			sourceTree = "<group>";
		};
		1FF74CF91EE99EFE004339FC /* FriendRequestCell */ = {
			isa = PBXGroup;
			children = (
				1FF74CFA1EE99F21004339FC /* FriendRequestCell.h */,
				1FF74CFB1EE99F21004339FC /* FriendRequestCell.m */,
				1FF74CFC1EE99F21004339FC /* FriendRequestCell.xib */,
			);
			path = FriendRequestCell;
			sourceTree = "<group>";
		};
		1FFC892F1EF02D4400B40BC1 /* EventData */ = {
			isa = PBXGroup;
			children = (
				1FFC89301EF02D5400B40BC1 /* EventData.h */,
				1FFC89311EF02D5400B40BC1 /* EventData.m */,
			);
			path = EventData;
			sourceTree = "<group>";
		};
		2D735A0FD5CEB821D6C22CD3 /* Pods */ = {
			isa = PBXGroup;
			children = (
				3BD166383B46C297653FA0C4 /* Pods-SocialTwist.debug.xcconfig */,
				78350D957FB456924E1EB5E6 /* Pods-SocialTwist.release.xcconfig */,
			);
			name = Pods;
			sourceTree = "<group>";
		};
		9093FC8A664704D61165F665 /* Frameworks */ = {
			isa = PBXGroup;
			children = (
				28CA52F6CEE57ABC021AA150 /* libPods-SocialTwist.a */,
			);
			name = Frameworks;
			sourceTree = "<group>";
		};
		DD6434291EF6D9DC007AE577 /* UserProfile */ = {
			isa = PBXGroup;
			children = (
				DD64342B1EF6D9DC007AE577 /* PhotoSliderViewController.h */,
				DD64342C1EF6D9DC007AE577 /* PhotoSliderViewController.m */,
				DD64342D1EF6D9DC007AE577 /* UserEventCell */,
				DD6434311EF6D9DC007AE577 /* UserGalerryViewController */,
				DD6434381EF6D9DC007AE577 /* UserProfileCell */,
				DD64343C1EF6D9DC007AE577 /* UserProfileController */,
			);
			name = UserProfile;
			path = "ViewController's/UserProfile";
			sourceTree = "<group>";
		};
		DD64342D1EF6D9DC007AE577 /* UserEventCell */ = {
			isa = PBXGroup;
			children = (
				DD64342E1EF6D9DC007AE577 /* UserEventCell.h */,
				DD64342F1EF6D9DC007AE577 /* UserEventCell.m */,
				DD6434301EF6D9DC007AE577 /* UserEventCell.xib */,
			);
			path = UserEventCell;
			sourceTree = "<group>";
		};
		DD6434311EF6D9DC007AE577 /* UserGalerryViewController */ = {
			isa = PBXGroup;
			children = (
				DD6434321EF6D9DC007AE577 /* GalleryViewController.h */,
				DD6434331EF6D9DC007AE577 /* GalleryViewController.m */,
				DD6434341EF6D9DC007AE577 /* ImageCollectionViewCell.h */,
				DD6434351EF6D9DC007AE577 /* ImageCollectionViewCell.m */,
				DD6434361EF6D9DC007AE577 /* Photos.h */,
				DD6434371EF6D9DC007AE577 /* Photos.m */,
			);
			path = UserGalerryViewController;
			sourceTree = "<group>";
		};
		DD6434381EF6D9DC007AE577 /* UserProfileCell */ = {
			isa = PBXGroup;
			children = (
				DD6434391EF6D9DC007AE577 /* UserProfileCell.h */,
				DD64343A1EF6D9DC007AE577 /* UserProfileCell.m */,
				DD64343B1EF6D9DC007AE577 /* UserProfileCell.xib */,
			);
			path = UserProfileCell;
			sourceTree = "<group>";
		};
		DD64343C1EF6D9DC007AE577 /* UserProfileController */ = {
			isa = PBXGroup;
			children = (
				DD64343D1EF6D9DC007AE577 /* UserProfileViewController.h */,
				DD64343E1EF6D9DC007AE577 /* UserProfileViewController.m */,
			);
			path = UserProfileController;
			sourceTree = "<group>";
		};
/* End PBXGroup section */

/* Begin PBXNativeTarget section */
		1F2054CD1E465541005AAEA9 /* SocialTwist */ = {
			isa = PBXNativeTarget;
			buildConfigurationList = 1F2054E51E465541005AAEA9 /* Build configuration list for PBXNativeTarget "SocialTwist" */;
			buildPhases = (
				2CA010C3D6C0961601BEDB6A /* [CP] Check Pods Manifest.lock */,
				1F2054CA1E465541005AAEA9 /* Sources */,
				1F2054CB1E465541005AAEA9 /* Frameworks */,
				1F2054CC1E465541005AAEA9 /* Resources */,
				437133DE0F26C61094465C1D /* [CP] Embed Pods Frameworks */,
				DB98C8B3158B039C4F30E26D /* [CP] Copy Pods Resources */,
			);
			buildRules = (
			);
			dependencies = (
			);
			name = SocialTwist;
			productName = SocialTwist;
			productReference = 1F2054CE1E465541005AAEA9 /* SocialTwist.app */;
			productType = "com.apple.product-type.application";
		};
/* End PBXNativeTarget section */

/* Begin PBXProject section */
		1F2054C61E465541005AAEA9 /* Project object */ = {
			isa = PBXProject;
			attributes = {
				LastUpgradeCheck = 0820;
				ORGANIZATIONNAME = "Marcel ";
				TargetAttributes = {
					1F2054CD1E465541005AAEA9 = {
						CreatedOnToolsVersion = 8.2.1;
						DevelopmentTeam = J75N2N7642;
						ProvisioningStyle = Automatic;
					};
				};
			};
			buildConfigurationList = 1F2054C91E465541005AAEA9 /* Build configuration list for PBXProject "SocialTwist" */;
			compatibilityVersion = "Xcode 3.2";
			developmentRegion = English;
			hasScannedForEncodings = 0;
			knownRegions = (
				en,
				Base,
			);
			mainGroup = 1F2054C51E465541005AAEA9;
			productRefGroup = 1F2054CF1E465541005AAEA9 /* Products */;
			projectDirPath = "";
			projectRoot = "";
			targets = (
				1F2054CD1E465541005AAEA9 /* SocialTwist */,
			);
		};
/* End PBXProject section */

/* Begin PBXResourcesBuildPhase section */
		1F2054CC1E465541005AAEA9 /* Resources */ = {
			isa = PBXResourcesBuildPhase;
			buildActionMask = 2147483647;
			files = (
				1F2E3CDC1E5C31A7007B698A /* social-icon.png in Resources */,
				1F2E3CD01E5C31A7007B698A /* menu.png in Resources */,
				1F2E3CDD1E5C31A7007B698A /* social-icon@2x.png in Resources */,
				1F2E3CD31E5C31A7007B698A /* pin.png in Resources */,
				1F2E3CCE1E5C31A7007B698A /* map.png in Resources */,
				1F2C544F1E4768EF006B7F82 /* TableViewCell.xib in Resources */,
				1F2E3CCA1E5C31A7007B698A /* logo.png in Resources */,
				1F2E3CC21E5C31A7007B698A /* image2.jpg in Resources */,
				1F2E3CD91E5C31A7007B698A /* settings.png in Resources */,
				1F2E3CC01E5C31A7007B698A /* horse.png in Resources */,
				1F2E3CCD1E5C31A7007B698A /* map-icon@2x.png in Resources */,
				1F2E3CC41E5C31A7007B698A /* image4.jpg in Resources */,
				1F2E3CCB1E5C31A7007B698A /* logo_text.png in Resources */,
				1F2E3CD61E5C31A7007B698A /* search-icon@2x.png in Resources */,
				1FDE937D1EB750E1006EFF3A /* EventFilterCell.xib in Resources */,
				1F2E3CD51E5C31A7007B698A /* placeholder.svg in Resources */,
				1F2DBE561E8175FC002DB97D /* KeyboardViewController.xib in Resources */,
				1F2E3CCF1E5C31A7007B698A /* menu-icon@2x.png in Resources */,
				1F2E3CBF1E5C31A7007B698A /* friends.png in Resources */,
				1F2E3CDF1E5C31A7007B698A /* star-icon@2x.png in Resources */,
				1F2E3CC51E5C31A7007B698A /* image5.png in Resources */,
				1F2E3CE01E5C31A7007B698A /* timeline-icon-hightlighted@2x.png in Resources */,
				1F2E3CC81E5C31A7007B698A /* imageRoot.png in Resources */,
				1F4AC14A1F070D1E002DD38C /* EventCell.xib in Resources */,
				1F2E3CDE1E5C31A7007B698A /* star-icon.png in Resources */,
				1F7B0A241E5C478A004D08C8 /* comment-icon@2x.png in Resources */,
				1F2E3CE11E5C31A7007B698A /* timeline-icon@2x.png in Resources */,
				1F2E3CDA1E5C31A7007B698A /* singIn_image.png in Resources */,
				1F2E3CC71E5C31A7007B698A /* imageRight.png in Resources */,
				1F37169C1EEF08A2004F4E51 /* FriendListCell.xib in Resources */,
				1F2DBE581E8175FC002DB97D /* KeyboardItemView.xib in Resources */,
				1F2054E11E465541005AAEA9 /* LaunchScreen.storyboard in Resources */,
				1F7B0A251E5C478A004D08C8 /* dislike-icon@2x.png in Resources */,
				1F2E3CBD1E5C31A7007B698A /* camera-icon@2x.png in Resources */,
				1F0EF66F1EF1413200872392 /* SearchResultCell.xib in Resources */,
				1F4AC1581F07BC53002DD38C /* AttenderCell.xib in Resources */,
				1F2E3CD71E5C31A7007B698A /* settings-icon.png in Resources */,
				1F2E3CD21E5C31A7007B698A /* notifications.png in Resources */,
				1F2E3CC91E5C31A7007B698A /* localization-icon@2x.png in Resources */,
				1F7B0A261E5C478A004D08C8 /* like-icon@2x.png in Resources */,
				1FD5DACF1E925F270083DFB2 /* PinView.xib in Resources */,
				1F2E3CBC1E5C31A7007B698A /* back_to_login_arrow.png in Resources */,
				1F2E3CC61E5C31A7007B698A /* imageLeft.png in Resources */,
				1F7B0A281E5C4AB7004D08C8 /* like-icon-higtlighted@2x.png in Resources */,
				1F2E3CDB1E5C31A7007B698A /* singUp_image.png in Resources */,
				1F2E3CCC1E5C31A7007B698A /* map-icon-hightlighted@2x.png in Resources */,
				1F7B0A2A1E5C4AC0004D08C8 /* dislike-icon-hightlighted@2x.png in Resources */,
				1F2E3CC11E5C31A7007B698A /* image1.jpg in Resources */,
				1F3107751EF559FD00CEBFAF /* CalloutView.xib in Resources */,
				1F2E3CBE1E5C31A7007B698A /* edit-icon@2x.png in Resources */,
				1FD5DAD11E9266A20083DFB2 /* cat.jpg in Resources */,
				1F3783971EF4886A00A6BC6E /* avatar.jpg in Resources */,
				1F0BE94D1EE058BA0056C71B /* PostEventView.xib in Resources */,
				DD6434461EF6D9DC007AE577 /* UserProfileCell.xib in Resources */,
				1F2C54541E476941006B7F82 /* MenuCell.xib in Resources */,
				1F2054DE1E465541005AAEA9 /* Assets.xcassets in Resources */,
				1F2E3CD81E5C31A7007B698A /* settings-icon@2x.png in Resources */,
				1F0AADA11E9E722F00745A6A /* PostEventCell.xib in Resources */,
				1F2054DC1E465541005AAEA9 /* Main.storyboard in Resources */,
				DD6434411EF6D9DC007AE577 /* UserEventCell.xib in Resources */,
				1FF74CFE1EE99F21004339FC /* FriendRequestCell.xib in Resources */,
				1F2E3CBB1E5C31A7007B698A /* 50x50.gif in Resources */,
				1F2E3CC31E5C31A7007B698A /* image3.jpg in Resources */,
				1F2E3CD41E5C31A7007B698A /* placeholder.png in Resources */,
				1F2E3CD11E5C31A7007B698A /* message.png in Resources */,
			);
			runOnlyForDeploymentPostprocessing = 0;
		};
/* End PBXResourcesBuildPhase section */

/* Begin PBXShellScriptBuildPhase section */
		2CA010C3D6C0961601BEDB6A /* [CP] Check Pods Manifest.lock */ = {
			isa = PBXShellScriptBuildPhase;
			buildActionMask = 2147483647;
			files = (
			);
			inputPaths = (
			);
			name = "[CP] Check Pods Manifest.lock";
			outputPaths = (
			);
			runOnlyForDeploymentPostprocessing = 0;
			shellPath = /bin/sh;
			shellScript = "diff \"${PODS_ROOT}/../Podfile.lock\" \"${PODS_ROOT}/Manifest.lock\" > /dev/null\nif [ $? != 0 ] ; then\n    # print error to STDERR\n    echo \"error: The sandbox is not in sync with the Podfile.lock. Run 'pod install' or update your CocoaPods installation.\" >&2\n    exit 1\nfi\n";
			showEnvVarsInLog = 0;
		};
		437133DE0F26C61094465C1D /* [CP] Embed Pods Frameworks */ = {
			isa = PBXShellScriptBuildPhase;
			buildActionMask = 2147483647;
			files = (
			);
			inputPaths = (
			);
			name = "[CP] Embed Pods Frameworks";
			outputPaths = (
			);
			runOnlyForDeploymentPostprocessing = 0;
			shellPath = /bin/sh;
			shellScript = "\"${SRCROOT}/Pods/Target Support Files/Pods-SocialTwist/Pods-SocialTwist-frameworks.sh\"\n";
			showEnvVarsInLog = 0;
		};
		DB98C8B3158B039C4F30E26D /* [CP] Copy Pods Resources */ = {
			isa = PBXShellScriptBuildPhase;
			buildActionMask = 2147483647;
			files = (
			);
			inputPaths = (
			);
			name = "[CP] Copy Pods Resources";
			outputPaths = (
			);
			runOnlyForDeploymentPostprocessing = 0;
			shellPath = /bin/sh;
			shellScript = "\"${SRCROOT}/Pods/Target Support Files/Pods-SocialTwist/Pods-SocialTwist-resources.sh\"\n";
			showEnvVarsInLog = 0;
		};
/* End PBXShellScriptBuildPhase section */

/* Begin PBXSourcesBuildPhase section */
		1F2054CA1E465541005AAEA9 /* Sources */ = {
			isa = PBXSourcesBuildPhase;
			buildActionMask = 2147483647;
			files = (
				DD6434471EF6D9DC007AE577 /* UserProfileViewController.m in Sources */,
				DD6434421EF6D9DC007AE577 /* GalleryViewController.m in Sources */,
				1F2DBE571E8175FC002DB97D /* KeyboardItemView.m in Sources */,
				1F2DBE551E8175FC002DB97D /* KeyboardViewController.m in Sources */,
				1F0EF66E1EF1413200872392 /* SearchResultCell.m in Sources */,
				DD6434401EF6D9DC007AE577 /* UserEventCell.m in Sources */,
				1FA5C92B1EE8BAF9006E65E6 /* NotificationsViewController.m in Sources */,
				1FD5DACD1E925F1A0083DFB2 /* PinView.m in Sources */,
				1F2055C21E466A6E005AAEA9 /* MainViewController.m in Sources */,
				DD6434451EF6D9DC007AE577 /* UserProfileCell.m in Sources */,
				1FDE93751EB74F42006EFF3A /* EventFilterTableView.m in Sources */,
				1F0EF67B1EF17F5100872392 /* KeyboardAvoiding.m in Sources */,
				1F0BE94C1EE058BA0056C71B /* PostEventView.m in Sources */,
				1F2055551E4662CD005AAEA9 /* TimelineTableController.m in Sources */,
				1FDE93801EB76588006EFF3A /* EventFilterTableController.m in Sources */,
				1F2054D61E465541005AAEA9 /* AppDelegate.m in Sources */,
				1FDE93A91EB881EB006EFF3A /* CustomAnnotation.m in Sources */,
				1F3716971EEF06A0004F4E51 /* FriendListViewController.m in Sources */,
				1F4AC1491F070D1E002DD38C /* EventCell.m in Sources */,
				1F3107731EF559F100CEBFAF /* CalloutView.m in Sources */,
				1F4728671EE5B2BF002ABF68 /* TokenManager.m in Sources */,
				1FB23C9F1EEF225300148967 /* FriendsData.m in Sources */,
				1F2054D31E465541005AAEA9 /* main.m in Sources */,
				DD6434431EF6D9DC007AE577 /* ImageCollectionViewCell.m in Sources */,
				1F0EF67A1EF17F5100872392 /* SMVisualEffectView.m in Sources */,
				1FFC89321EF02D5400B40BC1 /* EventData.m in Sources */,
				1F4728631EE5A660002ABF68 /* RequestManager.m in Sources */,
				1F2C544E1E4768EF006B7F82 /* TableViewCell.m in Sources */,
				1F0EF67C1EF17F5100872392 /* Utilities.m in Sources */,
				1F4AC15B1F07BCB8002DD38C /* AttendersViewController.m in Sources */,
				1F0AADA01E9E722F00745A6A /* PostEventCell.m in Sources */,
				1FDE937C1EB750E1006EFF3A /* EventFilterCell.m in Sources */,
				DD64343F1EF6D9DC007AE577 /* PhotoSliderViewController.m in Sources */,
				1F4AC1571F07BC53002DD38C /* AttenderCell.m in Sources */,
				1F2055C51E466A6E005AAEA9 /* TableViewController.m in Sources */,
				DD6434441EF6D9DC007AE577 /* Photos.m in Sources */,
				1F2C54531E476941006B7F82 /* MenuCell.m in Sources */,
				1F4384251EEE8CCA00999667 /* UserData.m in Sources */,
				1F4AC14E1F070D4F002DD38C /* LoadingCell.m in Sources */,
				1F4AC1441F06B779002DD38C /* EventViewController.m in Sources */,
				1F0AADA51E9F868D00745A6A /* EventContent.m in Sources */,
				1F20553F1E465C45005AAEA9 /* MapViewController.m in Sources */,
				1F37169B1EEF08A2004F4E51 /* FriendListCell.m in Sources */,
				1F20553C1E465C45005AAEA9 /* ContainerViewController.m in Sources */,
				1F2054EF1E46575E005AAEA9 /* LoginViewController.m in Sources */,
				1F2054F01E46575E005AAEA9 /* RegisterViewController.m in Sources */,
				1F7500391E5AEE8B0066E71E /* SearchResultController.m in Sources */,
				1FF74CFD1EE99F21004339FC /* FriendRequestCell.m in Sources */,
			);
			runOnlyForDeploymentPostprocessing = 0;
		};
/* End PBXSourcesBuildPhase section */

/* Begin PBXVariantGroup section */
		1F2054DA1E465541005AAEA9 /* Main.storyboard */ = {
			isa = PBXVariantGroup;
			children = (
				1F2054DB1E465541005AAEA9 /* Base */,
			);
			name = Main.storyboard;
			sourceTree = "<group>";
		};
		1F2054DF1E465541005AAEA9 /* LaunchScreen.storyboard */ = {
			isa = PBXVariantGroup;
			children = (
				1F2054E01E465541005AAEA9 /* Base */,
			);
			name = LaunchScreen.storyboard;
			sourceTree = "<group>";
		};
/* End PBXVariantGroup section */

/* Begin XCBuildConfiguration section */
		1F2054E31E465541005AAEA9 /* Debug */ = {
			isa = XCBuildConfiguration;
			buildSettings = {
				ALWAYS_SEARCH_USER_PATHS = NO;
				CLANG_ANALYZER_NONNULL = YES;
				CLANG_CXX_LANGUAGE_STANDARD = "gnu++0x";
				CLANG_CXX_LIBRARY = "libc++";
				CLANG_ENABLE_MODULES = YES;
				CLANG_ENABLE_OBJC_ARC = YES;
				CLANG_WARN_BOOL_CONVERSION = YES;
				CLANG_WARN_CONSTANT_CONVERSION = YES;
				CLANG_WARN_DIRECT_OBJC_ISA_USAGE = YES_ERROR;
				CLANG_WARN_DOCUMENTATION_COMMENTS = YES;
				CLANG_WARN_EMPTY_BODY = YES;
				CLANG_WARN_ENUM_CONVERSION = YES;
				CLANG_WARN_INFINITE_RECURSION = YES;
				CLANG_WARN_INT_CONVERSION = YES;
				CLANG_WARN_OBJC_ROOT_CLASS = YES_ERROR;
				CLANG_WARN_SUSPICIOUS_MOVE = YES;
				CLANG_WARN_UNREACHABLE_CODE = YES;
				CLANG_WARN__DUPLICATE_METHOD_MATCH = YES;
				"CODE_SIGN_IDENTITY[sdk=iphoneos*]" = "iPhone Developer";
				COPY_PHASE_STRIP = NO;
				DEBUG_INFORMATION_FORMAT = dwarf;
				ENABLE_STRICT_OBJC_MSGSEND = YES;
				ENABLE_TESTABILITY = YES;
				GCC_C_LANGUAGE_STANDARD = gnu99;
				GCC_DYNAMIC_NO_PIC = NO;
				GCC_NO_COMMON_BLOCKS = YES;
				GCC_OPTIMIZATION_LEVEL = 0;
				GCC_PREPROCESSOR_DEFINITIONS = (
					"DEBUG=1",
					"$(inherited)",
				);
				GCC_WARN_64_TO_32_BIT_CONVERSION = YES;
				GCC_WARN_ABOUT_RETURN_TYPE = YES_ERROR;
				GCC_WARN_UNDECLARED_SELECTOR = YES;
				GCC_WARN_UNINITIALIZED_AUTOS = YES_AGGRESSIVE;
				GCC_WARN_UNUSED_FUNCTION = YES;
				GCC_WARN_UNUSED_VARIABLE = YES;
				IPHONEOS_DEPLOYMENT_TARGET = 10.2;
				MTL_ENABLE_DEBUG_INFO = YES;
				ONLY_ACTIVE_ARCH = YES;
				SDKROOT = iphoneos;
			};
			name = Debug;
		};
		1F2054E41E465541005AAEA9 /* Release */ = {
			isa = XCBuildConfiguration;
			buildSettings = {
				ALWAYS_SEARCH_USER_PATHS = NO;
				CLANG_ANALYZER_NONNULL = YES;
				CLANG_CXX_LANGUAGE_STANDARD = "gnu++0x";
				CLANG_CXX_LIBRARY = "libc++";
				CLANG_ENABLE_MODULES = YES;
				CLANG_ENABLE_OBJC_ARC = YES;
				CLANG_WARN_BOOL_CONVERSION = YES;
				CLANG_WARN_CONSTANT_CONVERSION = YES;
				CLANG_WARN_DIRECT_OBJC_ISA_USAGE = YES_ERROR;
				CLANG_WARN_DOCUMENTATION_COMMENTS = YES;
				CLANG_WARN_EMPTY_BODY = YES;
				CLANG_WARN_ENUM_CONVERSION = YES;
				CLANG_WARN_INFINITE_RECURSION = YES;
				CLANG_WARN_INT_CONVERSION = YES;
				CLANG_WARN_OBJC_ROOT_CLASS = YES_ERROR;
				CLANG_WARN_SUSPICIOUS_MOVE = YES;
				CLANG_WARN_UNREACHABLE_CODE = YES;
				CLANG_WARN__DUPLICATE_METHOD_MATCH = YES;
				"CODE_SIGN_IDENTITY[sdk=iphoneos*]" = "iPhone Developer";
				COPY_PHASE_STRIP = NO;
				DEBUG_INFORMATION_FORMAT = "dwarf-with-dsym";
				ENABLE_NS_ASSERTIONS = NO;
				ENABLE_STRICT_OBJC_MSGSEND = YES;
				GCC_C_LANGUAGE_STANDARD = gnu99;
				GCC_NO_COMMON_BLOCKS = YES;
				GCC_WARN_64_TO_32_BIT_CONVERSION = YES;
				GCC_WARN_ABOUT_RETURN_TYPE = YES_ERROR;
				GCC_WARN_UNDECLARED_SELECTOR = YES;
				GCC_WARN_UNINITIALIZED_AUTOS = YES_AGGRESSIVE;
				GCC_WARN_UNUSED_FUNCTION = YES;
				GCC_WARN_UNUSED_VARIABLE = YES;
				IPHONEOS_DEPLOYMENT_TARGET = 10.2;
				MTL_ENABLE_DEBUG_INFO = NO;
				SDKROOT = iphoneos;
				VALIDATE_PRODUCT = YES;
			};
			name = Release;
		};
		1F2054E61E465541005AAEA9 /* Debug */ = {
			isa = XCBuildConfiguration;
			baseConfigurationReference = 3BD166383B46C297653FA0C4 /* Pods-SocialTwist.debug.xcconfig */;
			buildSettings = {
				ASSETCATALOG_COMPILER_APPICON_NAME = AppIcon;
				DEVELOPMENT_TEAM = J75N2N7642;
				INFOPLIST_FILE = SocialTwist/Info.plist;
				LD_RUNPATH_SEARCH_PATHS = "$(inherited) @executable_path/Frameworks";
				PRODUCT_BUNDLE_IDENTIFIER = com.mspinu.SocialTwist;
				PRODUCT_NAME = "$(TARGET_NAME)";
			};
			name = Debug;
		};
		1F2054E71E465541005AAEA9 /* Release */ = {
			isa = XCBuildConfiguration;
			baseConfigurationReference = 78350D957FB456924E1EB5E6 /* Pods-SocialTwist.release.xcconfig */;
			buildSettings = {
				ASSETCATALOG_COMPILER_APPICON_NAME = AppIcon;
				DEVELOPMENT_TEAM = J75N2N7642;
				INFOPLIST_FILE = SocialTwist/Info.plist;
				LD_RUNPATH_SEARCH_PATHS = "$(inherited) @executable_path/Frameworks";
				PRODUCT_BUNDLE_IDENTIFIER = com.mspinu.SocialTwist;
				PRODUCT_NAME = "$(TARGET_NAME)";
			};
			name = Release;
		};
/* End XCBuildConfiguration section */

/* Begin XCConfigurationList section */
		1F2054C91E465541005AAEA9 /* Build configuration list for PBXProject "SocialTwist" */ = {
			isa = XCConfigurationList;
			buildConfigurations = (
				1F2054E31E465541005AAEA9 /* Debug */,
				1F2054E41E465541005AAEA9 /* Release */,
			);
			defaultConfigurationIsVisible = 0;
			defaultConfigurationName = Release;
		};
		1F2054E51E465541005AAEA9 /* Build configuration list for PBXNativeTarget "SocialTwist" */ = {
			isa = XCConfigurationList;
			buildConfigurations = (
				1F2054E61E465541005AAEA9 /* Debug */,
				1F2054E71E465541005AAEA9 /* Release */,
			);
			defaultConfigurationIsVisible = 0;
			defaultConfigurationName = Release;
		};
/* End XCConfigurationList section */
	};
	rootObject = 1F2054C61E465541005AAEA9 /* Project object */;
}
